// !$*UTF8*$!
{
	archiveVersion = 1;
	classes = {
	};
	objectVersion = 60;
	objects = {

/* Begin PBXBuildFile section */
		058557BB273AAA24004C7B11 /* Assets.xcassets in Resources */ = {isa = PBXBuildFile; fileRef = 058557BA273AAA24004C7B11 /* Assets.xcassets */; };
		058557D9273AAEEB004C7B11 /* Preview Assets.xcassets in Resources */ = {isa = PBXBuildFile; fileRef = 058557D8273AAEEB004C7B11 /* Preview Assets.xcassets */; };
		2152FB042600AC8F00CF470E /* DiaryApp.swift in Sources */ = {isa = PBXBuildFile; fileRef = 2152FB032600AC8F00CF470E /* DiaryApp.swift */; };
		3D362C532B28A2E40066C827 /* DebugConfig.xcconfig in Resources */ = {isa = PBXBuildFile; fileRef = 3D362C522B28A2E40066C827 /* DebugConfig.xcconfig */; };
		3D7D125C2B2CA4BB003FC20B /* GoogleSignIn in Frameworks */ = {isa = PBXBuildFile; productRef = 3D7D125B2B2CA4BB003FC20B /* GoogleSignIn */; };
		3D7D125E2B2CA4BB003FC20B /* GoogleSignInSwift in Frameworks */ = {isa = PBXBuildFile; productRef = 3D7D125D2B2CA4BB003FC20B /* GoogleSignInSwift */; };
		3D7D12612B2CA50E003FC20B /* FirebaseAnalytics in Frameworks */ = {isa = PBXBuildFile; productRef = 3D7D12602B2CA50E003FC20B /* FirebaseAnalytics */; };
		3D7D12632B2CA50E003FC20B /* FirebaseAnalyticsOnDeviceConversion in Frameworks */ = {isa = PBXBuildFile; productRef = 3D7D12622B2CA50E003FC20B /* FirebaseAnalyticsOnDeviceConversion */; };
		3D7D12652B2CA50E003FC20B /* FirebaseAnalyticsSwift in Frameworks */ = {isa = PBXBuildFile; productRef = 3D7D12642B2CA50E003FC20B /* FirebaseAnalyticsSwift */; };
		3D7D12672B2CA50E003FC20B /* FirebaseAnalyticsWithoutAdIdSupport in Frameworks */ = {isa = PBXBuildFile; productRef = 3D7D12662B2CA50E003FC20B /* FirebaseAnalyticsWithoutAdIdSupport */; };
		3D7D12692B2CA50E003FC20B /* FirebaseAppCheck in Frameworks */ = {isa = PBXBuildFile; productRef = 3D7D12682B2CA50E003FC20B /* FirebaseAppCheck */; };
		3D7D126B2B2CA50E003FC20B /* FirebaseAppDistribution-Beta in Frameworks */ = {isa = PBXBuildFile; productRef = 3D7D126A2B2CA50E003FC20B /* FirebaseAppDistribution-Beta */; };
		3D7D126D2B2CA50E003FC20B /* FirebaseAuth in Frameworks */ = {isa = PBXBuildFile; productRef = 3D7D126C2B2CA50E003FC20B /* FirebaseAuth */; };
		3D7D126F2B2CA50E003FC20B /* FirebaseAuthCombine-Community in Frameworks */ = {isa = PBXBuildFile; productRef = 3D7D126E2B2CA50E003FC20B /* FirebaseAuthCombine-Community */; };
		3D7D12712B2CA50E003FC20B /* FirebaseCrashlytics in Frameworks */ = {isa = PBXBuildFile; productRef = 3D7D12702B2CA50E003FC20B /* FirebaseCrashlytics */; };
		3D7D12732B2CA50E003FC20B /* FirebaseDatabase in Frameworks */ = {isa = PBXBuildFile; productRef = 3D7D12722B2CA50E003FC20B /* FirebaseDatabase */; };
		3D7D12752B2CA50E003FC20B /* FirebaseDatabaseSwift in Frameworks */ = {isa = PBXBuildFile; productRef = 3D7D12742B2CA50E003FC20B /* FirebaseDatabaseSwift */; };
		3D7D12772B2CA50E003FC20B /* FirebaseDynamicLinks in Frameworks */ = {isa = PBXBuildFile; productRef = 3D7D12762B2CA50E003FC20B /* FirebaseDynamicLinks */; };
		3D7D12792B2CA50E003FC20B /* FirebaseFirestore in Frameworks */ = {isa = PBXBuildFile; productRef = 3D7D12782B2CA50E003FC20B /* FirebaseFirestore */; };
		3D7D127B2B2CA50E003FC20B /* FirebaseFirestoreCombine-Community in Frameworks */ = {isa = PBXBuildFile; productRef = 3D7D127A2B2CA50E003FC20B /* FirebaseFirestoreCombine-Community */; };
		3D7D127D2B2CA50E003FC20B /* FirebaseFirestoreSwift in Frameworks */ = {isa = PBXBuildFile; productRef = 3D7D127C2B2CA50E003FC20B /* FirebaseFirestoreSwift */; };
		3D7D127F2B2CA50E003FC20B /* FirebaseFunctions in Frameworks */ = {isa = PBXBuildFile; productRef = 3D7D127E2B2CA50E003FC20B /* FirebaseFunctions */; };
		3D7D12812B2CA50E003FC20B /* FirebaseFunctionsCombine-Community in Frameworks */ = {isa = PBXBuildFile; productRef = 3D7D12802B2CA50E003FC20B /* FirebaseFunctionsCombine-Community */; };
		3D7D12832B2CA50E003FC20B /* FirebaseInAppMessaging-Beta in Frameworks */ = {isa = PBXBuildFile; productRef = 3D7D12822B2CA50E003FC20B /* FirebaseInAppMessaging-Beta */; };
		3D7D12852B2CA50E003FC20B /* FirebaseInAppMessagingSwift-Beta in Frameworks */ = {isa = PBXBuildFile; productRef = 3D7D12842B2CA50E003FC20B /* FirebaseInAppMessagingSwift-Beta */; };
		3D7D12872B2CA50E003FC20B /* FirebaseInstallations in Frameworks */ = {isa = PBXBuildFile; productRef = 3D7D12862B2CA50E003FC20B /* FirebaseInstallations */; };
		3D7D12892B2CA50E003FC20B /* FirebaseMLModelDownloader in Frameworks */ = {isa = PBXBuildFile; productRef = 3D7D12882B2CA50E003FC20B /* FirebaseMLModelDownloader */; };
		3D7D128B2B2CA50E003FC20B /* FirebaseMessaging in Frameworks */ = {isa = PBXBuildFile; productRef = 3D7D128A2B2CA50E003FC20B /* FirebaseMessaging */; };
		3D7D128D2B2CA50E003FC20B /* FirebasePerformance in Frameworks */ = {isa = PBXBuildFile; productRef = 3D7D128C2B2CA50E003FC20B /* FirebasePerformance */; };
		3D7D128F2B2CA50E003FC20B /* FirebaseRemoteConfig in Frameworks */ = {isa = PBXBuildFile; productRef = 3D7D128E2B2CA50E003FC20B /* FirebaseRemoteConfig */; };
		3D7D12912B2CA50E003FC20B /* FirebaseRemoteConfigSwift in Frameworks */ = {isa = PBXBuildFile; productRef = 3D7D12902B2CA50E003FC20B /* FirebaseRemoteConfigSwift */; };
		3D7D12932B2CA50E003FC20B /* FirebaseStorage in Frameworks */ = {isa = PBXBuildFile; productRef = 3D7D12922B2CA50E003FC20B /* FirebaseStorage */; };
		3D7D12952B2CA50E003FC20B /* FirebaseStorageCombine-Community in Frameworks */ = {isa = PBXBuildFile; productRef = 3D7D12942B2CA50E003FC20B /* FirebaseStorageCombine-Community */; };
		3DAB30A02B220766002791DA /* AppDelegate.swift in Sources */ = {isa = PBXBuildFile; fileRef = 3DAB309F2B220766002791DA /* AppDelegate.swift */; };
		3DAB30A22B22097A002791DA /* ContextHolder.swift in Sources */ = {isa = PBXBuildFile; fileRef = 3DAB30A12B22097A002791DA /* ContextHolder.swift */; };
		7555FF83242A565900829871 /* ContentView.swift in Sources */ = {isa = PBXBuildFile; fileRef = 7555FF82242A565900829871 /* ContentView.swift */; };
		9EDA98D419836C54447EFA5D /* Pods_Diary.framework in Frameworks */ = {isa = PBXBuildFile; fileRef = A5742253EA2270DBC6482174 /* Pods_Diary.framework */; };
/* End PBXBuildFile section */

/* Begin PBXFileReference section */
		058557BA273AAA24004C7B11 /* Assets.xcassets */ = {isa = PBXFileReference; lastKnownFileType = folder.assetcatalog; path = Assets.xcassets; sourceTree = "<group>"; };
		058557D8273AAEEB004C7B11 /* Preview Assets.xcassets */ = {isa = PBXFileReference; lastKnownFileType = folder.assetcatalog; path = "Preview Assets.xcassets"; sourceTree = "<group>"; };
		2152FB032600AC8F00CF470E /* DiaryApp.swift */ = {isa = PBXFileReference; lastKnownFileType = sourcecode.swift; path = DiaryApp.swift; sourceTree = "<group>"; };
		3C952F15DEB5407D7524E719 /* Pods-Diary.release.xcconfig */ = {isa = PBXFileReference; includeInIndex = 1; lastKnownFileType = text.xcconfig; name = "Pods-Diary.release.xcconfig"; path = "Target Support Files/Pods-Diary/Pods-Diary.release.xcconfig"; sourceTree = "<group>"; };
		3D362C522B28A2E40066C827 /* DebugConfig.xcconfig */ = {isa = PBXFileReference; lastKnownFileType = text.xcconfig; path = DebugConfig.xcconfig; sourceTree = "<group>"; };
		3DAB309F2B220766002791DA /* AppDelegate.swift */ = {isa = PBXFileReference; lastKnownFileType = sourcecode.swift; path = AppDelegate.swift; sourceTree = "<group>"; };
		3DAB30A12B22097A002791DA /* ContextHolder.swift */ = {isa = PBXFileReference; lastKnownFileType = sourcecode.swift; path = ContextHolder.swift; sourceTree = "<group>"; };
		7555FF7B242A565900829871 /* Diary.app */ = {isa = PBXFileReference; explicitFileType = wrapper.application; includeInIndex = 0; path = Diary.app; sourceTree = BUILT_PRODUCTS_DIR; };
		7555FF82242A565900829871 /* ContentView.swift */ = {isa = PBXFileReference; lastKnownFileType = sourcecode.swift; path = ContentView.swift; sourceTree = "<group>"; };
		7555FF8C242A565B00829871 /* Info.plist */ = {isa = PBXFileReference; lastKnownFileType = text.plist.xml; path = Info.plist; sourceTree = "<group>"; };
		90D65B4595A0790B755296C2 /* Pods-Diary.debug.xcconfig */ = {isa = PBXFileReference; includeInIndex = 1; lastKnownFileType = text.xcconfig; name = "Pods-Diary.debug.xcconfig"; path = "Target Support Files/Pods-Diary/Pods-Diary.debug.xcconfig"; sourceTree = "<group>"; };
		A5742253EA2270DBC6482174 /* Pods_Diary.framework */ = {isa = PBXFileReference; explicitFileType = wrapper.framework; includeInIndex = 0; path = Pods_Diary.framework; sourceTree = BUILT_PRODUCTS_DIR; };
/* End PBXFileReference section */

/* Begin PBXFrameworksBuildPhase section */
		9F723FA344352F2C664242BA /* Frameworks */ = {
			isa = PBXFrameworksBuildPhase;
			buildActionMask = 2147483647;
			files = (
				3D7D12852B2CA50E003FC20B /* FirebaseInAppMessagingSwift-Beta in Frameworks */,
				3D7D12752B2CA50E003FC20B /* FirebaseDatabaseSwift in Frameworks */,
				3D7D12732B2CA50E003FC20B /* FirebaseDatabase in Frameworks */,
				3D7D12892B2CA50E003FC20B /* FirebaseMLModelDownloader in Frameworks */,
				3D7D12692B2CA50E003FC20B /* FirebaseAppCheck in Frameworks */,
				3D7D12812B2CA50E003FC20B /* FirebaseFunctionsCombine-Community in Frameworks */,
				3D7D12872B2CA50E003FC20B /* FirebaseInstallations in Frameworks */,
				3D7D128B2B2CA50E003FC20B /* FirebaseMessaging in Frameworks */,
				3D7D126D2B2CA50E003FC20B /* FirebaseAuth in Frameworks */,
				3D7D128F2B2CA50E003FC20B /* FirebaseRemoteConfig in Frameworks */,
				3D7D12652B2CA50E003FC20B /* FirebaseAnalyticsSwift in Frameworks */,
				3D7D12932B2CA50E003FC20B /* FirebaseStorage in Frameworks */,
				3D7D128D2B2CA50E003FC20B /* FirebasePerformance in Frameworks */,
				3D7D12792B2CA50E003FC20B /* FirebaseFirestore in Frameworks */,
				3D7D125E2B2CA4BB003FC20B /* GoogleSignInSwift in Frameworks */,
				3D7D12832B2CA50E003FC20B /* FirebaseInAppMessaging-Beta in Frameworks */,
				9EDA98D419836C54447EFA5D /* Pods_Diary.framework in Frameworks */,
				3D7D12632B2CA50E003FC20B /* FirebaseAnalyticsOnDeviceConversion in Frameworks */,
				3D7D12912B2CA50E003FC20B /* FirebaseRemoteConfigSwift in Frameworks */,
				3D7D126F2B2CA50E003FC20B /* FirebaseAuthCombine-Community in Frameworks */,
				3D7D127F2B2CA50E003FC20B /* FirebaseFunctions in Frameworks */,
				3D7D12672B2CA50E003FC20B /* FirebaseAnalyticsWithoutAdIdSupport in Frameworks */,
				3D7D12952B2CA50E003FC20B /* FirebaseStorageCombine-Community in Frameworks */,
				3D7D127B2B2CA50E003FC20B /* FirebaseFirestoreCombine-Community in Frameworks */,
				3D7D12612B2CA50E003FC20B /* FirebaseAnalytics in Frameworks */,
				3D7D12712B2CA50E003FC20B /* FirebaseCrashlytics in Frameworks */,
				3D7D125C2B2CA4BB003FC20B /* GoogleSignIn in Frameworks */,
				3D7D126B2B2CA50E003FC20B /* FirebaseAppDistribution-Beta in Frameworks */,
				3D7D12772B2CA50E003FC20B /* FirebaseDynamicLinks in Frameworks */,
				3D7D127D2B2CA50E003FC20B /* FirebaseFirestoreSwift in Frameworks */,
			);
			runOnlyForDeploymentPostprocessing = 0;
		};
/* End PBXFrameworksBuildPhase section */

/* Begin PBXGroup section */
		058557D7273AAEEB004C7B11 /* Preview Content */ = {
			isa = PBXGroup;
			children = (
				058557D8273AAEEB004C7B11 /* Preview Assets.xcassets */,
			);
			path = "Preview Content";
			sourceTree = "<group>";
		};
		3D7575B92B2B44CA00ECD13D /* Firebase */ = {
			isa = PBXGroup;
			children = (
				3D7575BA2B2B44D600ECD13D /* Dev */,
			);
			path = Firebase;
			sourceTree = "<group>";
		};
		3D7575BA2B2B44D600ECD13D /* Dev */ = {
			isa = PBXGroup;
			children = (
			);
			path = Dev;
			sourceTree = "<group>";
		};
		7555FF72242A565900829871 = {
			isa = PBXGroup;
			children = (
				3D362C522B28A2E40066C827 /* DebugConfig.xcconfig */,
				7555FF7D242A565900829871 /* Diary */,
				7555FF7C242A565900829871 /* Products */,
				A8744D163C50D9D719ABF495 /* Pods */,
				D75BCEBC1C93CC82DBF26C9D /* Frameworks */,
			);
			sourceTree = "<group>";
		};
		7555FF7C242A565900829871 /* Products */ = {
			isa = PBXGroup;
			children = (
				7555FF7B242A565900829871 /* Diary.app */,
			);
			name = Products;
			sourceTree = "<group>";
		};
		7555FF7D242A565900829871 /* Diary */ = {
			isa = PBXGroup;
			children = (
				3D7575B92B2B44CA00ECD13D /* Firebase */,
				058557BA273AAA24004C7B11 /* Assets.xcassets */,
				7555FF82242A565900829871 /* ContentView.swift */,
				7555FF8C242A565B00829871 /* Info.plist */,
				2152FB032600AC8F00CF470E /* DiaryApp.swift */,
				058557D7273AAEEB004C7B11 /* Preview Content */,
				3DAB309F2B220766002791DA /* AppDelegate.swift */,
				3DAB30A12B22097A002791DA /* ContextHolder.swift */,
			);
			path = Diary;
			sourceTree = "<group>";
		};
		A8744D163C50D9D719ABF495 /* Pods */ = {
			isa = PBXGroup;
			children = (
				90D65B4595A0790B755296C2 /* Pods-Diary.debug.xcconfig */,
				3C952F15DEB5407D7524E719 /* Pods-Diary.release.xcconfig */,
			);
			path = Pods;
			sourceTree = "<group>";
		};
		D75BCEBC1C93CC82DBF26C9D /* Frameworks */ = {
			isa = PBXGroup;
			children = (
				A5742253EA2270DBC6482174 /* Pods_Diary.framework */,
			);
			name = Frameworks;
			sourceTree = "<group>";
		};
/* End PBXGroup section */

/* Begin PBXNativeTarget section */
		7555FF7A242A565900829871 /* Diary */ = {
			isa = PBXNativeTarget;
			buildConfigurationList = 7555FFA5242A565B00829871 /* Build configuration list for PBXNativeTarget "Diary" */;
			buildPhases = (
				3DA4B92FD933ADC819E4C307 /* [CP] Check Pods Manifest.lock */,
				7555FF77242A565900829871 /* Sources */,
				7555FF79242A565900829871 /* Resources */,
				9F723FA344352F2C664242BA /* Frameworks */,
				7899B6A9306A041193933B65 /* [CP] Copy Pods Resources */,
				3D7575BC2B2B452200ECD13D /* ShellScript */,
			);
			buildRules = (
			);
			dependencies = (
			);
			name = Diary;
			packageProductDependencies = (
				3D7D125B2B2CA4BB003FC20B /* GoogleSignIn */,
				3D7D125D2B2CA4BB003FC20B /* GoogleSignInSwift */,
				3D7D12602B2CA50E003FC20B /* FirebaseAnalytics */,
				3D7D12622B2CA50E003FC20B /* FirebaseAnalyticsOnDeviceConversion */,
				3D7D12642B2CA50E003FC20B /* FirebaseAnalyticsSwift */,
				3D7D12662B2CA50E003FC20B /* FirebaseAnalyticsWithoutAdIdSupport */,
				3D7D12682B2CA50E003FC20B /* FirebaseAppCheck */,
				3D7D126A2B2CA50E003FC20B /* FirebaseAppDistribution-Beta */,
				3D7D126C2B2CA50E003FC20B /* FirebaseAuth */,
				3D7D126E2B2CA50E003FC20B /* FirebaseAuthCombine-Community */,
				3D7D12702B2CA50E003FC20B /* FirebaseCrashlytics */,
				3D7D12722B2CA50E003FC20B /* FirebaseDatabase */,
				3D7D12742B2CA50E003FC20B /* FirebaseDatabaseSwift */,
				3D7D12762B2CA50E003FC20B /* FirebaseDynamicLinks */,
				3D7D12782B2CA50E003FC20B /* FirebaseFirestore */,
				3D7D127A2B2CA50E003FC20B /* FirebaseFirestoreCombine-Community */,
				3D7D127C2B2CA50E003FC20B /* FirebaseFirestoreSwift */,
				3D7D127E2B2CA50E003FC20B /* FirebaseFunctions */,
				3D7D12802B2CA50E003FC20B /* FirebaseFunctionsCombine-Community */,
				3D7D12822B2CA50E003FC20B /* FirebaseInAppMessaging-Beta */,
				3D7D12842B2CA50E003FC20B /* FirebaseInAppMessagingSwift-Beta */,
				3D7D12862B2CA50E003FC20B /* FirebaseInstallations */,
				3D7D12882B2CA50E003FC20B /* FirebaseMLModelDownloader */,
				3D7D128A2B2CA50E003FC20B /* FirebaseMessaging */,
				3D7D128C2B2CA50E003FC20B /* FirebasePerformance */,
				3D7D128E2B2CA50E003FC20B /* FirebaseRemoteConfig */,
				3D7D12902B2CA50E003FC20B /* FirebaseRemoteConfigSwift */,
				3D7D12922B2CA50E003FC20B /* FirebaseStorage */,
				3D7D12942B2CA50E003FC20B /* FirebaseStorageCombine-Community */,
			);
			productName = Diary;
			productReference = 7555FF7B242A565900829871 /* Diary.app */;
			productType = "com.apple.product-type.application";
		};
/* End PBXNativeTarget section */

/* Begin PBXProject section */
		7555FF73242A565900829871 /* Project object */ = {
			isa = PBXProject;
			attributes = {
				LastSwiftUpdateCheck = 1130;
				LastUpgradeCheck = 1130;
				ORGANIZATIONNAME = taetae98;
				TargetAttributes = {
					7555FF7A242A565900829871 = {
						CreatedOnToolsVersion = 11.3.1;
					};
				};
			};
			buildConfigurationList = 7555FF76242A565900829871 /* Build configuration list for PBXProject "Diary" */;
			compatibilityVersion = "Xcode 15.0";
			developmentRegion = ko;
			hasScannedForEncodings = 0;
			knownRegions = (
				Base,
				ko,
			);
			mainGroup = 7555FF72242A565900829871;
			packageReferences = (
				3D7D125A2B2CA4BB003FC20B /* XCRemoteSwiftPackageReference "GoogleSignIn-iOS" */,
				3D7D125F2B2CA50E003FC20B /* XCRemoteSwiftPackageReference "firebase-ios-sdk.git" */,
			);
			productRefGroup = 7555FF7C242A565900829871 /* Products */;
			projectDirPath = "";
			projectRoot = "";
			targets = (
				7555FF7A242A565900829871 /* Diary */,
			);
		};
/* End PBXProject section */

/* Begin PBXResourcesBuildPhase section */
		7555FF79242A565900829871 /* Resources */ = {
			isa = PBXResourcesBuildPhase;
			buildActionMask = 2147483647;
			files = (
				058557D9273AAEEB004C7B11 /* Preview Assets.xcassets in Resources */,
				058557BB273AAA24004C7B11 /* Assets.xcassets in Resources */,
				3D362C532B28A2E40066C827 /* DebugConfig.xcconfig in Resources */,
			);
			runOnlyForDeploymentPostprocessing = 0;
		};
/* End PBXResourcesBuildPhase section */

/* Begin PBXShellScriptBuildPhase section */
		3D7575BC2B2B452200ECD13D /* ShellScript */ = {
			isa = PBXShellScriptBuildPhase;
			buildActionMask = 2147483647;
			files = (
			);
			inputFileListPaths = (
			);
			inputPaths = (
			);
			outputFileListPaths = (
			);
			outputPaths = (
			);
			runOnlyForDeploymentPostprocessing = 0;
			shellPath = /bin/sh;
			shellScript = "# Type a script or drag a script file from your workspace to insert its path.\ncase \"${CONFIGURATION}\" in\n  \"Debug\" )\ncp -r \"$SRCROOT/Diary/Firebase/Dev/GoogleService-Info.plist\" \"${BUILT_PRODUCTS_DIR}/${PRODUCT_NAME}.app/GoogleService-Info.plist\" ;;\n  \"Release\" )\ncp -r \"$SRCROOT/Diary/Firebase/Release/GoogleService-Info.plist\" \"${BUILT_PRODUCTS_DIR}/${PRODUCT_NAME}.app/GoogleService-Info.plist\" ;;\n*)\n;;\nesac\n";
		};
		3DA4B92FD933ADC819E4C307 /* [CP] Check Pods Manifest.lock */ = {
			isa = PBXShellScriptBuildPhase;
			buildActionMask = 2147483647;
			files = (
			);
			inputFileListPaths = (
			);
			inputPaths = (
				"${PODS_PODFILE_DIR_PATH}/Podfile.lock",
				"${PODS_ROOT}/Manifest.lock",
			);
			name = "[CP] Check Pods Manifest.lock";
			outputFileListPaths = (
			);
			outputPaths = (
				"$(DERIVED_FILE_DIR)/Pods-Diary-checkManifestLockResult.txt",
			);
			runOnlyForDeploymentPostprocessing = 0;
			shellPath = /bin/sh;
			shellScript = "diff \"${PODS_PODFILE_DIR_PATH}/Podfile.lock\" \"${PODS_ROOT}/Manifest.lock\" > /dev/null\nif [ $? != 0 ] ; then\n    # print error to STDERR\n    echo \"error: The sandbox is not in sync with the Podfile.lock. Run 'pod install' or update your CocoaPods installation.\" >&2\n    exit 1\nfi\n# This output is used by Xcode 'outputs' to avoid re-running this script phase.\necho \"SUCCESS\" > \"${SCRIPT_OUTPUT_FILE_0}\"\n";
			showEnvVarsInLog = 0;
		};
		7899B6A9306A041193933B65 /* [CP] Copy Pods Resources */ = {
			isa = PBXShellScriptBuildPhase;
			buildActionMask = 2147483647;
			files = (
			);
			inputFileListPaths = (
				"${PODS_ROOT}/Target Support Files/Pods-Diary/Pods-Diary-resources-${CONFIGURATION}-input-files.xcfilelist",
			);
			name = "[CP] Copy Pods Resources";
			outputFileListPaths = (
				"${PODS_ROOT}/Target Support Files/Pods-Diary/Pods-Diary-resources-${CONFIGURATION}-output-files.xcfilelist",
			);
			runOnlyForDeploymentPostprocessing = 0;
			shellPath = /bin/sh;
			shellScript = "\"${PODS_ROOT}/Target Support Files/Pods-Diary/Pods-Diary-resources.sh\"\n";
			showEnvVarsInLog = 0;
		};
/* End PBXShellScriptBuildPhase section */

/* Begin PBXSourcesBuildPhase section */
		7555FF77242A565900829871 /* Sources */ = {
			isa = PBXSourcesBuildPhase;
			buildActionMask = 2147483647;
			files = (
				3DAB30A02B220766002791DA /* AppDelegate.swift in Sources */,
				3DAB30A22B22097A002791DA /* ContextHolder.swift in Sources */,
				2152FB042600AC8F00CF470E /* DiaryApp.swift in Sources */,
				7555FF83242A565900829871 /* ContentView.swift in Sources */,
			);
			runOnlyForDeploymentPostprocessing = 0;
		};
/* End PBXSourcesBuildPhase section */

/* Begin XCBuildConfiguration section */
		7555FFA3242A565B00829871 /* Debug */ = {
			isa = XCBuildConfiguration;
			buildSettings = {
				ALWAYS_SEARCH_USER_PATHS = NO;
				CLANG_ANALYZER_NONNULL = YES;
				CLANG_ANALYZER_NUMBER_OBJECT_CONVERSION = YES_AGGRESSIVE;
				CLANG_CXX_LANGUAGE_STANDARD = "gnu++14";
				CLANG_CXX_LIBRARY = "libc++";
				CLANG_ENABLE_MODULES = YES;
				CLANG_ENABLE_OBJC_ARC = YES;
				CLANG_ENABLE_OBJC_WEAK = YES;
				CLANG_WARN_BLOCK_CAPTURE_AUTORELEASING = YES;
				CLANG_WARN_BOOL_CONVERSION = YES;
				CLANG_WARN_COMMA = YES;
				CLANG_WARN_CONSTANT_CONVERSION = YES;
				CLANG_WARN_DEPRECATED_OBJC_IMPLEMENTATIONS = YES;
				CLANG_WARN_DIRECT_OBJC_ISA_USAGE = YES_ERROR;
				CLANG_WARN_DOCUMENTATION_COMMENTS = YES;
				CLANG_WARN_EMPTY_BODY = YES;
				CLANG_WARN_ENUM_CONVERSION = YES;
				CLANG_WARN_INFINITE_RECURSION = YES;
				CLANG_WARN_INT_CONVERSION = YES;
				CLANG_WARN_NON_LITERAL_NULL_CONVERSION = YES;
				CLANG_WARN_OBJC_IMPLICIT_RETAIN_SELF = YES;
				CLANG_WARN_OBJC_LITERAL_CONVERSION = YES;
				CLANG_WARN_OBJC_ROOT_CLASS = YES_ERROR;
				CLANG_WARN_QUOTED_INCLUDE_IN_FRAMEWORK_HEADER = YES;
				CLANG_WARN_RANGE_LOOP_ANALYSIS = YES;
				CLANG_WARN_STRICT_PROTOTYPES = YES;
				CLANG_WARN_SUSPICIOUS_MOVE = YES;
				CLANG_WARN_UNGUARDED_AVAILABILITY = YES_AGGRESSIVE;
				CLANG_WARN_UNREACHABLE_CODE = YES;
				CLANG_WARN__DUPLICATE_METHOD_MATCH = YES;
				COPY_PHASE_STRIP = NO;
				DEBUG_INFORMATION_FORMAT = "dwarf-with-dsym";
				ENABLE_STRICT_OBJC_MSGSEND = YES;
				ENABLE_TESTABILITY = YES;
				GCC_C_LANGUAGE_STANDARD = gnu11;
				GCC_DYNAMIC_NO_PIC = NO;
				GCC_NO_COMMON_BLOCKS = YES;
				GCC_OPTIMIZATION_LEVEL = 0;
				GCC_PREPROCESSOR_DEFINITIONS = (
					"DEBUG=1",
					"$(inherited)",
				);
				GCC_WARN_64_TO_32_BIT_CONVERSION = YES;
				GCC_WARN_ABOUT_RETURN_TYPE = YES_ERROR;
				GCC_WARN_UNDECLARED_SELECTOR = YES;
				GCC_WARN_UNINITIALIZED_AUTOS = YES_AGGRESSIVE;
				GCC_WARN_UNUSED_FUNCTION = YES;
				GCC_WARN_UNUSED_VARIABLE = YES;
				IPHONEOS_DEPLOYMENT_TARGET = 17.0;
				MTL_ENABLE_DEBUG_INFO = INCLUDE_SOURCE;
				MTL_FAST_MATH = YES;
				ONLY_ACTIVE_ARCH = YES;
				SDKROOT = iphoneos;
				SWIFT_ACTIVE_COMPILATION_CONDITIONS = DEBUG;
				SWIFT_OPTIMIZATION_LEVEL = "-Onone";
			};
			name = Debug;
		};
		7555FFA4242A565B00829871 /* Release */ = {
			isa = XCBuildConfiguration;
			buildSettings = {
				ALWAYS_SEARCH_USER_PATHS = NO;
				CLANG_ANALYZER_NONNULL = YES;
				CLANG_ANALYZER_NUMBER_OBJECT_CONVERSION = YES_AGGRESSIVE;
				CLANG_CXX_LANGUAGE_STANDARD = "gnu++14";
				CLANG_CXX_LIBRARY = "libc++";
				CLANG_ENABLE_MODULES = YES;
				CLANG_ENABLE_OBJC_ARC = YES;
				CLANG_ENABLE_OBJC_WEAK = YES;
				CLANG_WARN_BLOCK_CAPTURE_AUTORELEASING = YES;
				CLANG_WARN_BOOL_CONVERSION = YES;
				CLANG_WARN_COMMA = YES;
				CLANG_WARN_CONSTANT_CONVERSION = YES;
				CLANG_WARN_DEPRECATED_OBJC_IMPLEMENTATIONS = YES;
				CLANG_WARN_DIRECT_OBJC_ISA_USAGE = YES_ERROR;
				CLANG_WARN_DOCUMENTATION_COMMENTS = YES;
				CLANG_WARN_EMPTY_BODY = YES;
				CLANG_WARN_ENUM_CONVERSION = YES;
				CLANG_WARN_INFINITE_RECURSION = YES;
				CLANG_WARN_INT_CONVERSION = YES;
				CLANG_WARN_NON_LITERAL_NULL_CONVERSION = YES;
				CLANG_WARN_OBJC_IMPLICIT_RETAIN_SELF = YES;
				CLANG_WARN_OBJC_LITERAL_CONVERSION = YES;
				CLANG_WARN_OBJC_ROOT_CLASS = YES_ERROR;
				CLANG_WARN_QUOTED_INCLUDE_IN_FRAMEWORK_HEADER = YES;
				CLANG_WARN_RANGE_LOOP_ANALYSIS = YES;
				CLANG_WARN_STRICT_PROTOTYPES = YES;
				CLANG_WARN_SUSPICIOUS_MOVE = YES;
				CLANG_WARN_UNGUARDED_AVAILABILITY = YES_AGGRESSIVE;
				CLANG_WARN_UNREACHABLE_CODE = YES;
				CLANG_WARN__DUPLICATE_METHOD_MATCH = YES;
				COPY_PHASE_STRIP = NO;
				DEBUG_INFORMATION_FORMAT = "dwarf-with-dsym";
				ENABLE_NS_ASSERTIONS = NO;
				ENABLE_STRICT_OBJC_MSGSEND = YES;
				GCC_C_LANGUAGE_STANDARD = gnu11;
				GCC_NO_COMMON_BLOCKS = YES;
				GCC_WARN_64_TO_32_BIT_CONVERSION = YES;
				GCC_WARN_ABOUT_RETURN_TYPE = YES_ERROR;
				GCC_WARN_UNDECLARED_SELECTOR = YES;
				GCC_WARN_UNINITIALIZED_AUTOS = YES_AGGRESSIVE;
				GCC_WARN_UNUSED_FUNCTION = YES;
				GCC_WARN_UNUSED_VARIABLE = YES;
				IPHONEOS_DEPLOYMENT_TARGET = 17.0;
				MTL_ENABLE_DEBUG_INFO = NO;
				MTL_FAST_MATH = YES;
				SDKROOT = iphoneos;
				SWIFT_COMPILATION_MODE = wholemodule;
				SWIFT_OPTIMIZATION_LEVEL = "-O";
				VALIDATE_PRODUCT = YES;
			};
			name = Release;
		};
		7555FFA6242A565B00829871 /* Debug */ = {
			isa = XCBuildConfiguration;
			baseConfigurationReference = 3D362C522B28A2E40066C827 /* DebugConfig.xcconfig */;
			buildSettings = {
				ASSETCATALOG_COMPILER_APPICON_NAME = AppIcon;
				CODE_SIGN_STYLE = Automatic;
				CURRENT_PROJECT_VERSION = 10000;
				DEVELOPMENT_ASSET_PATHS = "\"Diary/Preview Content\"";
				DEVELOPMENT_TEAM = VKGAQDGK5R;
				ENABLE_PREVIEWS = YES;
				INFOPLIST_FILE = Diary/Info.plist;
				INFOPLIST_KEY_CFBundleDisplayName = Diary;
				INFOPLIST_KEY_LSApplicationCategoryType = "public.app-category.productivity";
				IPHONEOS_DEPLOYMENT_TARGET = 17.0;
				LD_RUNPATH_SEARCH_PATHS = (
					"$(inherited)",
					"@executable_path/Frameworks",
				);
				MARKETING_VERSION = 1.0.0;
				PRODUCT_BUNDLE_IDENTIFIER = com.taetae98.diary.debug;
				PRODUCT_NAME = "$(TARGET_NAME)";
				SWIFT_VERSION = 5.0;
				TARGETED_DEVICE_FAMILY = "1,2";
			};
			name = Debug;
		};
		7555FFA7242A565B00829871 /* Release */ = {
			isa = XCBuildConfiguration;
			baseConfigurationReference = 3C952F15DEB5407D7524E719 /* Pods-Diary.release.xcconfig */;
			buildSettings = {
				ASSETCATALOG_COMPILER_APPICON_NAME = AppIcon;
				CODE_SIGN_STYLE = Automatic;
				CURRENT_PROJECT_VERSION = 10000;
				DEVELOPMENT_ASSET_PATHS = "\"Diary/Preview Content\"";
				DEVELOPMENT_TEAM = VKGAQDGK5R;
				ENABLE_PREVIEWS = YES;
				INFOPLIST_FILE = Diary/Info.plist;
				INFOPLIST_KEY_CFBundleDisplayName = Diary;
				INFOPLIST_KEY_LSApplicationCategoryType = "public.app-category.productivity";
				IPHONEOS_DEPLOYMENT_TARGET = 17.0;
				LD_RUNPATH_SEARCH_PATHS = (
					"$(inherited)",
					"@executable_path/Frameworks",
				);
				MARKETING_VERSION = 1.0.0;
				PRODUCT_BUNDLE_IDENTIFIER = com.taetae98.diary;
				PRODUCT_NAME = "$(TARGET_NAME)";
				SWIFT_VERSION = 5.0;
				TARGETED_DEVICE_FAMILY = "1,2";
			};
			name = Release;
		};
/* End XCBuildConfiguration section */

/* Begin XCConfigurationList section */
		7555FF76242A565900829871 /* Build configuration list for PBXProject "Diary" */ = {
			isa = XCConfigurationList;
			buildConfigurations = (
				7555FFA3242A565B00829871 /* Debug */,
				7555FFA4242A565B00829871 /* Release */,
			);
			defaultConfigurationIsVisible = 0;
			defaultConfigurationName = Release;
		};
		7555FFA5242A565B00829871 /* Build configuration list for PBXNativeTarget "Diary" */ = {
			isa = XCConfigurationList;
			buildConfigurations = (
				7555FFA6242A565B00829871 /* Debug */,
				7555FFA7242A565B00829871 /* Release */,
			);
			defaultConfigurationIsVisible = 0;
			defaultConfigurationName = Release;
		};
/* End XCConfigurationList section */

/* Begin XCRemoteSwiftPackageReference section */
		3D7D125A2B2CA4BB003FC20B /* XCRemoteSwiftPackageReference "GoogleSignIn-iOS" */ = {
			isa = XCRemoteSwiftPackageReference;
			repositoryURL = "https://github.com/google/GoogleSignIn-iOS";
			requirement = {
				kind = exactVersion;
				version = 7.0.0;
			};
		};
		3D7D125F2B2CA50E003FC20B /* XCRemoteSwiftPackageReference "firebase-ios-sdk.git" */ = {
			isa = XCRemoteSwiftPackageReference;
			repositoryURL = "https://github.com/firebase/firebase-ios-sdk.git";
			requirement = {
				kind = exactVersion;
				version = 10.19.1;
			};
		};
/* End XCRemoteSwiftPackageReference section */

/* Begin XCSwiftPackageProductDependency section */
		3D7D125B2B2CA4BB003FC20B /* GoogleSignIn */ = {
			isa = XCSwiftPackageProductDependency;
			package = 3D7D125A2B2CA4BB003FC20B /* XCRemoteSwiftPackageReference "GoogleSignIn-iOS" */;
			productName = GoogleSignIn;
		};
		3D7D125D2B2CA4BB003FC20B /* GoogleSignInSwift */ = {
			isa = XCSwiftPackageProductDependency;
			package = 3D7D125A2B2CA4BB003FC20B /* XCRemoteSwiftPackageReference "GoogleSignIn-iOS" */;
			productName = GoogleSignInSwift;
		};
		3D7D12602B2CA50E003FC20B /* FirebaseAnalytics */ = {
			isa = XCSwiftPackageProductDependency;
			package = 3D7D125F2B2CA50E003FC20B /* XCRemoteSwiftPackageReference "firebase-ios-sdk.git" */;
			productName = FirebaseAnalytics;
		};
		3D7D12622B2CA50E003FC20B /* FirebaseAnalyticsOnDeviceConversion */ = {
			isa = XCSwiftPackageProductDependency;
			package = 3D7D125F2B2CA50E003FC20B /* XCRemoteSwiftPackageReference "firebase-ios-sdk.git" */;
			productName = FirebaseAnalyticsOnDeviceConversion;
		};
		3D7D12642B2CA50E003FC20B /* FirebaseAnalyticsSwift */ = {
			isa = XCSwiftPackageProductDependency;
			package = 3D7D125F2B2CA50E003FC20B /* XCRemoteSwiftPackageReference "firebase-ios-sdk.git" */;
			productName = FirebaseAnalyticsSwift;
		};
		3D7D12662B2CA50E003FC20B /* FirebaseAnalyticsWithoutAdIdSupport */ = {
			isa = XCSwiftPackageProductDependency;
			package = 3D7D125F2B2CA50E003FC20B /* XCRemoteSwiftPackageReference "firebase-ios-sdk.git" */;
			productName = FirebaseAnalyticsWithoutAdIdSupport;
		};
		3D7D12682B2CA50E003FC20B /* FirebaseAppCheck */ = {
			isa = XCSwiftPackageProductDependency;
			package = 3D7D125F2B2CA50E003FC20B /* XCRemoteSwiftPackageReference "firebase-ios-sdk.git" */;
			productName = FirebaseAppCheck;
		};
		3D7D126A2B2CA50E003FC20B /* FirebaseAppDistribution-Beta */ = {
			isa = XCSwiftPackageProductDependency;
			package = 3D7D125F2B2CA50E003FC20B /* XCRemoteSwiftPackageReference "firebase-ios-sdk.git" */;
			productName = "FirebaseAppDistribution-Beta";
		};
		3D7D126C2B2CA50E003FC20B /* FirebaseAuth */ = {
			isa = XCSwiftPackageProductDependency;
			package = 3D7D125F2B2CA50E003FC20B /* XCRemoteSwiftPackageReference "firebase-ios-sdk.git" */;
			productName = FirebaseAuth;
		};
		3D7D126E2B2CA50E003FC20B /* FirebaseAuthCombine-Community */ = {
			isa = XCSwiftPackageProductDependency;
			package = 3D7D125F2B2CA50E003FC20B /* XCRemoteSwiftPackageReference "firebase-ios-sdk.git" */;
			productName = "FirebaseAuthCombine-Community";
		};
		3D7D12702B2CA50E003FC20B /* FirebaseCrashlytics */ = {
			isa = XCSwiftPackageProductDependency;
			package = 3D7D125F2B2CA50E003FC20B /* XCRemoteSwiftPackageReference "firebase-ios-sdk.git" */;
			productName = FirebaseCrashlytics;
		};
		3D7D12722B2CA50E003FC20B /* FirebaseDatabase */ = {
			isa = XCSwiftPackageProductDependency;
			package = 3D7D125F2B2CA50E003FC20B /* XCRemoteSwiftPackageReference "firebase-ios-sdk.git" */;
			productName = FirebaseDatabase;
		};
		3D7D12742B2CA50E003FC20B /* FirebaseDatabaseSwift */ = {
			isa = XCSwiftPackageProductDependency;
			package = 3D7D125F2B2CA50E003FC20B /* XCRemoteSwiftPackageReference "firebase-ios-sdk.git" */;
			productName = FirebaseDatabaseSwift;
		};
		3D7D12762B2CA50E003FC20B /* FirebaseDynamicLinks */ = {
			isa = XCSwiftPackageProductDependency;
			package = 3D7D125F2B2CA50E003FC20B /* XCRemoteSwiftPackageReference "firebase-ios-sdk.git" */;
			productName = FirebaseDynamicLinks;
		};
		3D7D12782B2CA50E003FC20B /* FirebaseFirestore */ = {
			isa = XCSwiftPackageProductDependency;
			package = 3D7D125F2B2CA50E003FC20B /* XCRemoteSwiftPackageReference "firebase-ios-sdk.git" */;
			productName = FirebaseFirestore;
		};
		3D7D127A2B2CA50E003FC20B /* FirebaseFirestoreCombine-Community */ = {
			isa = XCSwiftPackageProductDependency;
			package = 3D7D125F2B2CA50E003FC20B /* XCRemoteSwiftPackageReference "firebase-ios-sdk.git" */;
			productName = "FirebaseFirestoreCombine-Community";
		};
		3D7D127C2B2CA50E003FC20B /* FirebaseFirestoreSwift */ = {
			isa = XCSwiftPackageProductDependency;
			package = 3D7D125F2B2CA50E003FC20B /* XCRemoteSwiftPackageReference "firebase-ios-sdk.git" */;
			productName = FirebaseFirestoreSwift;
		};
		3D7D127E2B2CA50E003FC20B /* FirebaseFunctions */ = {
			isa = XCSwiftPackageProductDependency;
			package = 3D7D125F2B2CA50E003FC20B /* XCRemoteSwiftPackageReference "firebase-ios-sdk.git" */;
			productName = FirebaseFunctions;
		};
		3D7D12802B2CA50E003FC20B /* FirebaseFunctionsCombine-Community */ = {
			isa = XCSwiftPackageProductDependency;
			package = 3D7D125F2B2CA50E003FC20B /* XCRemoteSwiftPackageReference "firebase-ios-sdk.git" */;
			productName = "FirebaseFunctionsCombine-Community";
		};
		3D7D12822B2CA50E003FC20B /* FirebaseInAppMessaging-Beta */ = {
			isa = XCSwiftPackageProductDependency;
			package = 3D7D125F2B2CA50E003FC20B /* XCRemoteSwiftPackageReference "firebase-ios-sdk.git" */;
			productName = "FirebaseInAppMessaging-Beta";
		};
		3D7D12842B2CA50E003FC20B /* FirebaseInAppMessagingSwift-Beta */ = {
			isa = XCSwiftPackageProductDependency;
			package = 3D7D125F2B2CA50E003FC20B /* XCRemoteSwiftPackageReference "firebase-ios-sdk.git" */;
			productName = "FirebaseInAppMessagingSwift-Beta";
		};
		3D7D12862B2CA50E003FC20B /* FirebaseInstallations */ = {
			isa = XCSwiftPackageProductDependency;
			package = 3D7D125F2B2CA50E003FC20B /* XCRemoteSwiftPackageReference "firebase-ios-sdk.git" */;
			productName = FirebaseInstallations;
		};
		3D7D12882B2CA50E003FC20B /* FirebaseMLModelDownloader */ = {
			isa = XCSwiftPackageProductDependency;
			package = 3D7D125F2B2CA50E003FC20B /* XCRemoteSwiftPackageReference "firebase-ios-sdk.git" */;
			productName = FirebaseMLModelDownloader;
		};
		3D7D128A2B2CA50E003FC20B /* FirebaseMessaging */ = {
			isa = XCSwiftPackageProductDependency;
			package = 3D7D125F2B2CA50E003FC20B /* XCRemoteSwiftPackageReference "firebase-ios-sdk.git" */;
			productName = FirebaseMessaging;
		};
		3D7D128C2B2CA50E003FC20B /* FirebasePerformance */ = {
			isa = XCSwiftPackageProductDependency;
			package = 3D7D125F2B2CA50E003FC20B /* XCRemoteSwiftPackageReference "firebase-ios-sdk.git" */;
			productName = FirebasePerformance;
		};
		3D7D128E2B2CA50E003FC20B /* FirebaseRemoteConfig */ = {
			isa = XCSwiftPackageProductDependency;
			package = 3D7D125F2B2CA50E003FC20B /* XCRemoteSwiftPackageReference "firebase-ios-sdk.git" */;
			productName = FirebaseRemoteConfig;
		};
		3D7D12902B2CA50E003FC20B /* FirebaseRemoteConfigSwift */ = {
			isa = XCSwiftPackageProductDependency;
			package = 3D7D125F2B2CA50E003FC20B /* XCRemoteSwiftPackageReference "firebase-ios-sdk.git" */;
			productName = FirebaseRemoteConfigSwift;
		};
		3D7D12922B2CA50E003FC20B /* FirebaseStorage */ = {
			isa = XCSwiftPackageProductDependency;
			package = 3D7D125F2B2CA50E003FC20B /* XCRemoteSwiftPackageReference "firebase-ios-sdk.git" */;
			productName = FirebaseStorage;
		};
		3D7D12942B2CA50E003FC20B /* FirebaseStorageCombine-Community */ = {
			isa = XCSwiftPackageProductDependency;
			package = 3D7D125F2B2CA50E003FC20B /* XCRemoteSwiftPackageReference "firebase-ios-sdk.git" */;
			productName = "FirebaseStorageCombine-Community";
		};
/* End XCSwiftPackageProductDependency section */
	};
	rootObject = 7555FF73242A565900829871 /* Project object */;
}
