// !$*UTF8*$!
{
	archiveVersion = 1;
	classes = {
	};
	objectVersion = 56;
	objects = {

/* Begin PBXBuildFile section */
		3D4314C82B78CDCB004763AC /* FirebaseAnalytics in Frameworks */ = {isa = PBXBuildFile; productRef = 3D4314C72B78CDCB004763AC /* FirebaseAnalytics */; };
		3D4314CA2B78CDCB004763AC /* FirebaseAnalyticsOnDeviceConversion in Frameworks */ = {isa = PBXBuildFile; productRef = 3D4314C92B78CDCB004763AC /* FirebaseAnalyticsOnDeviceConversion */; };
		3D4314CC2B78CDCB004763AC /* FirebaseAnalyticsSwift in Frameworks */ = {isa = PBXBuildFile; productRef = 3D4314CB2B78CDCB004763AC /* FirebaseAnalyticsSwift */; };
		3D4314CE2B78CDCB004763AC /* FirebaseAnalyticsWithoutAdIdSupport in Frameworks */ = {isa = PBXBuildFile; productRef = 3D4314CD2B78CDCB004763AC /* FirebaseAnalyticsWithoutAdIdSupport */; };
		3D4314D02B78CDCB004763AC /* FirebaseAppCheck in Frameworks */ = {isa = PBXBuildFile; productRef = 3D4314CF2B78CDCB004763AC /* FirebaseAppCheck */; };
		3D4314D22B78CDCC004763AC /* FirebaseAppDistribution-Beta in Frameworks */ = {isa = PBXBuildFile; productRef = 3D4314D12B78CDCC004763AC /* FirebaseAppDistribution-Beta */; };
		3D4314D42B78CDCC004763AC /* FirebaseAuth in Frameworks */ = {isa = PBXBuildFile; productRef = 3D4314D32B78CDCC004763AC /* FirebaseAuth */; };
		3D4314D62B78CDCC004763AC /* FirebaseAuthCombine-Community in Frameworks */ = {isa = PBXBuildFile; productRef = 3D4314D52B78CDCC004763AC /* FirebaseAuthCombine-Community */; };
		3D4314D82B78CDCC004763AC /* FirebaseCrashlytics in Frameworks */ = {isa = PBXBuildFile; productRef = 3D4314D72B78CDCC004763AC /* FirebaseCrashlytics */; };
		3D4314DA2B78CDCC004763AC /* FirebaseDatabase in Frameworks */ = {isa = PBXBuildFile; productRef = 3D4314D92B78CDCC004763AC /* FirebaseDatabase */; };
		3D4314DC2B78CDCC004763AC /* FirebaseDatabaseSwift in Frameworks */ = {isa = PBXBuildFile; productRef = 3D4314DB2B78CDCC004763AC /* FirebaseDatabaseSwift */; };
		3D4314DE2B78CDCC004763AC /* FirebaseDynamicLinks in Frameworks */ = {isa = PBXBuildFile; productRef = 3D4314DD2B78CDCC004763AC /* FirebaseDynamicLinks */; };
		3D4314E02B78CDCC004763AC /* FirebaseFirestore in Frameworks */ = {isa = PBXBuildFile; productRef = 3D4314DF2B78CDCC004763AC /* FirebaseFirestore */; };
		3D4314E22B78CDCC004763AC /* FirebaseFirestoreCombine-Community in Frameworks */ = {isa = PBXBuildFile; productRef = 3D4314E12B78CDCC004763AC /* FirebaseFirestoreCombine-Community */; };
		3D4314E42B78CDCC004763AC /* FirebaseFirestoreSwift in Frameworks */ = {isa = PBXBuildFile; productRef = 3D4314E32B78CDCC004763AC /* FirebaseFirestoreSwift */; };
		3D4314E62B78CDCC004763AC /* FirebaseFunctions in Frameworks */ = {isa = PBXBuildFile; productRef = 3D4314E52B78CDCC004763AC /* FirebaseFunctions */; };
		3D4314E82B78CDCC004763AC /* FirebaseFunctionsCombine-Community in Frameworks */ = {isa = PBXBuildFile; productRef = 3D4314E72B78CDCC004763AC /* FirebaseFunctionsCombine-Community */; };
		3D4314EA2B78CDCC004763AC /* FirebaseInAppMessaging-Beta in Frameworks */ = {isa = PBXBuildFile; productRef = 3D4314E92B78CDCC004763AC /* FirebaseInAppMessaging-Beta */; };
		3D4314EC2B78CDCC004763AC /* FirebaseInAppMessagingSwift-Beta in Frameworks */ = {isa = PBXBuildFile; productRef = 3D4314EB2B78CDCC004763AC /* FirebaseInAppMessagingSwift-Beta */; };
		3D4314EE2B78CDCC004763AC /* FirebaseInstallations in Frameworks */ = {isa = PBXBuildFile; productRef = 3D4314ED2B78CDCC004763AC /* FirebaseInstallations */; };
		3D4314F02B78CDCC004763AC /* FirebaseMLModelDownloader in Frameworks */ = {isa = PBXBuildFile; productRef = 3D4314EF2B78CDCC004763AC /* FirebaseMLModelDownloader */; };
		3D4314F22B78CDCC004763AC /* FirebaseMessaging in Frameworks */ = {isa = PBXBuildFile; productRef = 3D4314F12B78CDCC004763AC /* FirebaseMessaging */; };
		3D4314F42B78CDCC004763AC /* FirebasePerformance in Frameworks */ = {isa = PBXBuildFile; productRef = 3D4314F32B78CDCC004763AC /* FirebasePerformance */; };
		3D4314F62B78CDCC004763AC /* FirebaseRemoteConfig in Frameworks */ = {isa = PBXBuildFile; productRef = 3D4314F52B78CDCC004763AC /* FirebaseRemoteConfig */; };
		3D4314F82B78CDCC004763AC /* FirebaseRemoteConfigSwift in Frameworks */ = {isa = PBXBuildFile; productRef = 3D4314F72B78CDCC004763AC /* FirebaseRemoteConfigSwift */; };
		3D4314FA2B78CDCC004763AC /* FirebaseStorage in Frameworks */ = {isa = PBXBuildFile; productRef = 3D4314F92B78CDCC004763AC /* FirebaseStorage */; };
		3D4314FC2B78CDCC004763AC /* FirebaseStorageCombine-Community in Frameworks */ = {isa = PBXBuildFile; productRef = 3D4314FB2B78CDCC004763AC /* FirebaseStorageCombine-Community */; };
		3D78D7D92B2CBE59004AA34F /* DiaryApp.swift in Sources */ = {isa = PBXBuildFile; fileRef = 3D78D7D82B2CBE59004AA34F /* DiaryApp.swift */; };
		3D78D7DB2B2CBE59004AA34F /* ContentView.swift in Sources */ = {isa = PBXBuildFile; fileRef = 3D78D7DA2B2CBE59004AA34F /* ContentView.swift */; };
		3D78D7DD2B2CBE5B004AA34F /* Assets.xcassets in Resources */ = {isa = PBXBuildFile; fileRef = 3D78D7DC2B2CBE5B004AA34F /* Assets.xcassets */; };
		3D78D7E02B2CBE5B004AA34F /* Preview Assets.xcassets in Resources */ = {isa = PBXBuildFile; fileRef = 3D78D7DF2B2CBE5B004AA34F /* Preview Assets.xcassets */; };
		3D85278D2B2CCBC7009A4BE0 /* FirebaseAnalytics in Frameworks */ = {isa = PBXBuildFile; productRef = 3D85278C2B2CCBC7009A4BE0 /* FirebaseAnalytics */; };
		3D85278F2B2CCBC7009A4BE0 /* FirebaseAnalyticsOnDeviceConversion in Frameworks */ = {isa = PBXBuildFile; productRef = 3D85278E2B2CCBC7009A4BE0 /* FirebaseAnalyticsOnDeviceConversion */; };
		3D8527912B2CCBC7009A4BE0 /* FirebaseAnalyticsSwift in Frameworks */ = {isa = PBXBuildFile; productRef = 3D8527902B2CCBC7009A4BE0 /* FirebaseAnalyticsSwift */; };
		3D8527932B2CCBC7009A4BE0 /* FirebaseAnalyticsWithoutAdIdSupport in Frameworks */ = {isa = PBXBuildFile; productRef = 3D8527922B2CCBC7009A4BE0 /* FirebaseAnalyticsWithoutAdIdSupport */; };
		3D8527952B2CCBC7009A4BE0 /* FirebaseAppCheck in Frameworks */ = {isa = PBXBuildFile; productRef = 3D8527942B2CCBC7009A4BE0 /* FirebaseAppCheck */; };
		3D8527982B2CCBDE009A4BE0 /* GoogleSignIn in Frameworks */ = {isa = PBXBuildFile; productRef = 3D8527972B2CCBDE009A4BE0 /* GoogleSignIn */; };
		3D85279A2B2CCBDE009A4BE0 /* GoogleSignInSwift in Frameworks */ = {isa = PBXBuildFile; productRef = 3D8527992B2CCBDE009A4BE0 /* GoogleSignInSwift */; };
		3D85279C2B2CCC67009A4BE0 /* AppDelegate.swift in Sources */ = {isa = PBXBuildFile; fileRef = 3D85279B2B2CCC67009A4BE0 /* AppDelegate.swift */; };
		3D85279E2B2CCCFA009A4BE0 /* FirebaseAnalytics in Frameworks */ = {isa = PBXBuildFile; productRef = 3D85279D2B2CCCFA009A4BE0 /* FirebaseAnalytics */; };
		3D8527A02B2CCCFA009A4BE0 /* FirebaseAnalyticsOnDeviceConversion in Frameworks */ = {isa = PBXBuildFile; productRef = 3D85279F2B2CCCFA009A4BE0 /* FirebaseAnalyticsOnDeviceConversion */; };
		3D8527A22B2CCCFA009A4BE0 /* FirebaseAnalyticsSwift in Frameworks */ = {isa = PBXBuildFile; productRef = 3D8527A12B2CCCFA009A4BE0 /* FirebaseAnalyticsSwift */; };
		3D8527A42B2CCCFA009A4BE0 /* FirebaseAnalyticsWithoutAdIdSupport in Frameworks */ = {isa = PBXBuildFile; productRef = 3D8527A32B2CCCFA009A4BE0 /* FirebaseAnalyticsWithoutAdIdSupport */; };
		3D8527A62B2CCCFA009A4BE0 /* FirebaseAppCheck in Frameworks */ = {isa = PBXBuildFile; productRef = 3D8527A52B2CCCFA009A4BE0 /* FirebaseAppCheck */; };
		3D8527A82B2CCCFA009A4BE0 /* FirebaseAppDistribution-Beta in Frameworks */ = {isa = PBXBuildFile; productRef = 3D8527A72B2CCCFA009A4BE0 /* FirebaseAppDistribution-Beta */; };
		3D8527AA2B2CCCFA009A4BE0 /* FirebaseAuth in Frameworks */ = {isa = PBXBuildFile; productRef = 3D8527A92B2CCCFA009A4BE0 /* FirebaseAuth */; };
		3D8527AC2B2CCCFA009A4BE0 /* FirebaseAuthCombine-Community in Frameworks */ = {isa = PBXBuildFile; productRef = 3D8527AB2B2CCCFA009A4BE0 /* FirebaseAuthCombine-Community */; };
		3D8527AE2B2CCCFA009A4BE0 /* FirebaseCrashlytics in Frameworks */ = {isa = PBXBuildFile; productRef = 3D8527AD2B2CCCFA009A4BE0 /* FirebaseCrashlytics */; };
		3D8527B02B2CCCFA009A4BE0 /* FirebaseDatabase in Frameworks */ = {isa = PBXBuildFile; productRef = 3D8527AF2B2CCCFA009A4BE0 /* FirebaseDatabase */; };
		3D8527B22B2CCCFA009A4BE0 /* FirebaseDatabaseSwift in Frameworks */ = {isa = PBXBuildFile; productRef = 3D8527B12B2CCCFA009A4BE0 /* FirebaseDatabaseSwift */; };
		3D8527B42B2CCCFA009A4BE0 /* FirebaseDynamicLinks in Frameworks */ = {isa = PBXBuildFile; productRef = 3D8527B32B2CCCFA009A4BE0 /* FirebaseDynamicLinks */; };
		3D8527B62B2CCCFA009A4BE0 /* FirebaseFirestore in Frameworks */ = {isa = PBXBuildFile; productRef = 3D8527B52B2CCCFA009A4BE0 /* FirebaseFirestore */; };
		3D8527B82B2CCCFA009A4BE0 /* FirebaseFirestoreCombine-Community in Frameworks */ = {isa = PBXBuildFile; productRef = 3D8527B72B2CCCFA009A4BE0 /* FirebaseFirestoreCombine-Community */; };
		3D8527BA2B2CCCFA009A4BE0 /* FirebaseFirestoreSwift in Frameworks */ = {isa = PBXBuildFile; productRef = 3D8527B92B2CCCFA009A4BE0 /* FirebaseFirestoreSwift */; };
		3D8527BC2B2CCCFA009A4BE0 /* FirebaseFunctions in Frameworks */ = {isa = PBXBuildFile; productRef = 3D8527BB2B2CCCFA009A4BE0 /* FirebaseFunctions */; };
		3D8527BE2B2CCCFA009A4BE0 /* FirebaseFunctionsCombine-Community in Frameworks */ = {isa = PBXBuildFile; productRef = 3D8527BD2B2CCCFA009A4BE0 /* FirebaseFunctionsCombine-Community */; };
		3D8527C02B2CCCFA009A4BE0 /* FirebaseInAppMessaging-Beta in Frameworks */ = {isa = PBXBuildFile; productRef = 3D8527BF2B2CCCFA009A4BE0 /* FirebaseInAppMessaging-Beta */; };
		3D8527C22B2CCCFA009A4BE0 /* FirebaseInAppMessagingSwift-Beta in Frameworks */ = {isa = PBXBuildFile; productRef = 3D8527C12B2CCCFA009A4BE0 /* FirebaseInAppMessagingSwift-Beta */; };
		3D8527C42B2CCCFA009A4BE0 /* FirebaseInstallations in Frameworks */ = {isa = PBXBuildFile; productRef = 3D8527C32B2CCCFA009A4BE0 /* FirebaseInstallations */; };
		3D8527C62B2CCCFA009A4BE0 /* FirebaseMLModelDownloader in Frameworks */ = {isa = PBXBuildFile; productRef = 3D8527C52B2CCCFA009A4BE0 /* FirebaseMLModelDownloader */; };
		3D8527C82B2CCCFA009A4BE0 /* FirebaseMessaging in Frameworks */ = {isa = PBXBuildFile; productRef = 3D8527C72B2CCCFA009A4BE0 /* FirebaseMessaging */; };
		3D8527CA2B2CCCFA009A4BE0 /* FirebasePerformance in Frameworks */ = {isa = PBXBuildFile; productRef = 3D8527C92B2CCCFA009A4BE0 /* FirebasePerformance */; };
		3D8527CC2B2CCCFA009A4BE0 /* FirebaseRemoteConfig in Frameworks */ = {isa = PBXBuildFile; productRef = 3D8527CB2B2CCCFA009A4BE0 /* FirebaseRemoteConfig */; };
		3D8527CE2B2CCCFA009A4BE0 /* FirebaseRemoteConfigSwift in Frameworks */ = {isa = PBXBuildFile; productRef = 3D8527CD2B2CCCFA009A4BE0 /* FirebaseRemoteConfigSwift */; };
		3D8527D02B2CCCFA009A4BE0 /* FirebaseStorage in Frameworks */ = {isa = PBXBuildFile; productRef = 3D8527CF2B2CCCFA009A4BE0 /* FirebaseStorage */; };
		3D8527D22B2CCCFA009A4BE0 /* FirebaseStorageCombine-Community in Frameworks */ = {isa = PBXBuildFile; productRef = 3D8527D12B2CCCFA009A4BE0 /* FirebaseStorageCombine-Community */; };
		3DF625082B3F06D30041D9A1 /* SceneDelegate.swift in Sources */ = {isa = PBXBuildFile; fileRef = 3DF625072B3F06D30041D9A1 /* SceneDelegate.swift */; };
/* End PBXBuildFile section */

/* Begin PBXFileReference section */
		3D78D7D52B2CBE59004AA34F /* Diary.app */ = {isa = PBXFileReference; explicitFileType = wrapper.application; includeInIndex = 0; path = Diary.app; sourceTree = BUILT_PRODUCTS_DIR; };
		3D78D7D82B2CBE59004AA34F /* DiaryApp.swift */ = {isa = PBXFileReference; lastKnownFileType = sourcecode.swift; path = DiaryApp.swift; sourceTree = "<group>"; };
		3D78D7DA2B2CBE59004AA34F /* ContentView.swift */ = {isa = PBXFileReference; lastKnownFileType = sourcecode.swift; path = ContentView.swift; sourceTree = "<group>"; };
		3D78D7DC2B2CBE5B004AA34F /* Assets.xcassets */ = {isa = PBXFileReference; lastKnownFileType = folder.assetcatalog; path = Assets.xcassets; sourceTree = "<group>"; };
		3D78D7DF2B2CBE5B004AA34F /* Preview Assets.xcassets */ = {isa = PBXFileReference; lastKnownFileType = folder.assetcatalog; path = "Preview Assets.xcassets"; sourceTree = "<group>"; };
		3D85279B2B2CCC67009A4BE0 /* AppDelegate.swift */ = {isa = PBXFileReference; lastKnownFileType = sourcecode.swift; path = AppDelegate.swift; sourceTree = "<group>"; };
		3DA4C98C2B487B980006521A /* Release-LocalProperties.xcconfig */ = {isa = PBXFileReference; lastKnownFileType = text.xcconfig; path = "Release-LocalProperties.xcconfig"; sourceTree = "<group>"; };
		3DA4C98D2B487BF40006521A /* Debug-LocalProperties.xcconfig */ = {isa = PBXFileReference; lastKnownFileType = text.xcconfig; path = "Debug-LocalProperties.xcconfig"; sourceTree = "<group>"; };
		3DF625072B3F06D30041D9A1 /* SceneDelegate.swift */ = {isa = PBXFileReference; lastKnownFileType = sourcecode.swift; path = SceneDelegate.swift; sourceTree = "<group>"; };
		3DF6250C2B3F0B230041D9A1 /* Info.plist */ = {isa = PBXFileReference; lastKnownFileType = text.plist; path = Info.plist; sourceTree = "<group>"; };
/* End PBXFileReference section */

/* Begin PBXFrameworksBuildPhase section */
		3D78D7D22B2CBE59004AA34F /* Frameworks */ = {
			isa = PBXFrameworksBuildPhase;
			buildActionMask = 2147483647;
			files = (
				3D8527912B2CCBC7009A4BE0 /* FirebaseAnalyticsSwift in Frameworks */,
				3D4314D02B78CDCB004763AC /* FirebaseAppCheck in Frameworks */,
				3D85278D2B2CCBC7009A4BE0 /* FirebaseAnalytics in Frameworks */,
				3D4314EE2B78CDCC004763AC /* FirebaseInstallations in Frameworks */,
				3D8527CA2B2CCCFA009A4BE0 /* FirebasePerformance in Frameworks */,
				3D85279E2B2CCCFA009A4BE0 /* FirebaseAnalytics in Frameworks */,
				3D4314CC2B78CDCB004763AC /* FirebaseAnalyticsSwift in Frameworks */,
				3D4314F02B78CDCC004763AC /* FirebaseMLModelDownloader in Frameworks */,
				3D8527C42B2CCCFA009A4BE0 /* FirebaseInstallations in Frameworks */,
				3D4314D22B78CDCC004763AC /* FirebaseAppDistribution-Beta in Frameworks */,
				3D8527A82B2CCCFA009A4BE0 /* FirebaseAppDistribution-Beta in Frameworks */,
				3D4314E22B78CDCC004763AC /* FirebaseFirestoreCombine-Community in Frameworks */,
				3D4314F82B78CDCC004763AC /* FirebaseRemoteConfigSwift in Frameworks */,
				3D4314DE2B78CDCC004763AC /* FirebaseDynamicLinks in Frameworks */,
				3D8527D22B2CCCFA009A4BE0 /* FirebaseStorageCombine-Community in Frameworks */,
				3D4314F42B78CDCC004763AC /* FirebasePerformance in Frameworks */,
				3D8527C02B2CCCFA009A4BE0 /* FirebaseInAppMessaging-Beta in Frameworks */,
				3D8527AC2B2CCCFA009A4BE0 /* FirebaseAuthCombine-Community in Frameworks */,
				3D4314F22B78CDCC004763AC /* FirebaseMessaging in Frameworks */,
				3D8527D02B2CCCFA009A4BE0 /* FirebaseStorage in Frameworks */,
				3D4314F62B78CDCC004763AC /* FirebaseRemoteConfig in Frameworks */,
				3D4314FC2B78CDCC004763AC /* FirebaseStorageCombine-Community in Frameworks */,
				3D8527BA2B2CCCFA009A4BE0 /* FirebaseFirestoreSwift in Frameworks */,
				3D8527CE2B2CCCFA009A4BE0 /* FirebaseRemoteConfigSwift in Frameworks */,
				3D4314E62B78CDCC004763AC /* FirebaseFunctions in Frameworks */,
				3D85279A2B2CCBDE009A4BE0 /* GoogleSignInSwift in Frameworks */,
				3D8527C22B2CCCFA009A4BE0 /* FirebaseInAppMessagingSwift-Beta in Frameworks */,
				3D8527B82B2CCCFA009A4BE0 /* FirebaseFirestoreCombine-Community in Frameworks */,
				3D8527CC2B2CCCFA009A4BE0 /* FirebaseRemoteConfig in Frameworks */,
				3D4314D62B78CDCC004763AC /* FirebaseAuthCombine-Community in Frameworks */,
				3D8527AA2B2CCCFA009A4BE0 /* FirebaseAuth in Frameworks */,
				3D4314D82B78CDCC004763AC /* FirebaseCrashlytics in Frameworks */,
				3D8527B02B2CCCFA009A4BE0 /* FirebaseDatabase in Frameworks */,
				3D8527A62B2CCCFA009A4BE0 /* FirebaseAppCheck in Frameworks */,
				3D8527A42B2CCCFA009A4BE0 /* FirebaseAnalyticsWithoutAdIdSupport in Frameworks */,
				3D8527A22B2CCCFA009A4BE0 /* FirebaseAnalyticsSwift in Frameworks */,
				3D8527A02B2CCCFA009A4BE0 /* FirebaseAnalyticsOnDeviceConversion in Frameworks */,
				3D4314E02B78CDCC004763AC /* FirebaseFirestore in Frameworks */,
				3D4314D42B78CDCC004763AC /* FirebaseAuth in Frameworks */,
				3D4314E42B78CDCC004763AC /* FirebaseFirestoreSwift in Frameworks */,
				3D8527B42B2CCCFA009A4BE0 /* FirebaseDynamicLinks in Frameworks */,
				3D8527B62B2CCCFA009A4BE0 /* FirebaseFirestore in Frameworks */,
				3D4314E82B78CDCC004763AC /* FirebaseFunctionsCombine-Community in Frameworks */,
				3D4314DC2B78CDCC004763AC /* FirebaseDatabaseSwift in Frameworks */,
				3D4314DA2B78CDCC004763AC /* FirebaseDatabase in Frameworks */,
				3D8527B22B2CCCFA009A4BE0 /* FirebaseDatabaseSwift in Frameworks */,
				3D4314EA2B78CDCC004763AC /* FirebaseInAppMessaging-Beta in Frameworks */,
				3D8527BC2B2CCCFA009A4BE0 /* FirebaseFunctions in Frameworks */,
				3D85278F2B2CCBC7009A4BE0 /* FirebaseAnalyticsOnDeviceConversion in Frameworks */,
				3D8527952B2CCBC7009A4BE0 /* FirebaseAppCheck in Frameworks */,
				3D4314C82B78CDCB004763AC /* FirebaseAnalytics in Frameworks */,
				3D8527AE2B2CCCFA009A4BE0 /* FirebaseCrashlytics in Frameworks */,
				3D4314CE2B78CDCB004763AC /* FirebaseAnalyticsWithoutAdIdSupport in Frameworks */,
				3D8527932B2CCBC7009A4BE0 /* FirebaseAnalyticsWithoutAdIdSupport in Frameworks */,
				3D4314FA2B78CDCC004763AC /* FirebaseStorage in Frameworks */,
				3D4314CA2B78CDCB004763AC /* FirebaseAnalyticsOnDeviceConversion in Frameworks */,
				3D8527982B2CCBDE009A4BE0 /* GoogleSignIn in Frameworks */,
				3D8527C82B2CCCFA009A4BE0 /* FirebaseMessaging in Frameworks */,
				3D8527BE2B2CCCFA009A4BE0 /* FirebaseFunctionsCombine-Community in Frameworks */,
				3D8527C62B2CCCFA009A4BE0 /* FirebaseMLModelDownloader in Frameworks */,
				3D4314EC2B78CDCC004763AC /* FirebaseInAppMessagingSwift-Beta in Frameworks */,
			);
			runOnlyForDeploymentPostprocessing = 0;
		};
/* End PBXFrameworksBuildPhase section */

/* Begin PBXGroup section */
		3D78D7CC2B2CBE59004AA34F = {
			isa = PBXGroup;
			children = (
				3DA4C98D2B487BF40006521A /* Debug-LocalProperties.xcconfig */,
				3DA4C98C2B487B980006521A /* Release-LocalProperties.xcconfig */,
				3D78D7D72B2CBE59004AA34F /* Diary */,
				3D78D7D62B2CBE59004AA34F /* Products */,
			);
			sourceTree = "<group>";
		};
		3D78D7D62B2CBE59004AA34F /* Products */ = {
			isa = PBXGroup;
			children = (
				3D78D7D52B2CBE59004AA34F /* Diary.app */,
			);
			name = Products;
			sourceTree = "<group>";
		};
		3D78D7D72B2CBE59004AA34F /* Diary */ = {
			isa = PBXGroup;
			children = (
				3DF6250C2B3F0B230041D9A1 /* Info.plist */,
				3DF625072B3F06D30041D9A1 /* SceneDelegate.swift */,
				3D78D7D82B2CBE59004AA34F /* DiaryApp.swift */,
				3D78D7DA2B2CBE59004AA34F /* ContentView.swift */,
				3D78D7DC2B2CBE5B004AA34F /* Assets.xcassets */,
				3D78D7DE2B2CBE5B004AA34F /* Preview Content */,
				3D85279B2B2CCC67009A4BE0 /* AppDelegate.swift */,
			);
			path = Diary;
			sourceTree = "<group>";
		};
		3D78D7DE2B2CBE5B004AA34F /* Preview Content */ = {
			isa = PBXGroup;
			children = (
				3D78D7DF2B2CBE5B004AA34F /* Preview Assets.xcassets */,
			);
			path = "Preview Content";
			sourceTree = "<group>";
		};
/* End PBXGroup section */

/* Begin PBXNativeTarget section */
		3D78D7D42B2CBE59004AA34F /* Diary */ = {
			isa = PBXNativeTarget;
			buildConfigurationList = 3D78D7E32B2CBE5B004AA34F /* Build configuration list for PBXNativeTarget "Diary" */;
			buildPhases = (
				3D85278A2B2CC3DE009A4BE0 /* ShellScript */,
				3D78D7D12B2CBE59004AA34F /* Sources */,
				3D78D7D22B2CBE59004AA34F /* Frameworks */,
				3D78D7D32B2CBE59004AA34F /* Resources */,
				3D8527D32B2CCE39009A4BE0 /* ShellScript */,
			);
			buildRules = (
			);
			dependencies = (
			);
			name = Diary;
			packageProductDependencies = (
				3D85278C2B2CCBC7009A4BE0 /* FirebaseAnalytics */,
				3D85278E2B2CCBC7009A4BE0 /* FirebaseAnalyticsOnDeviceConversion */,
				3D8527902B2CCBC7009A4BE0 /* FirebaseAnalyticsSwift */,
				3D8527922B2CCBC7009A4BE0 /* FirebaseAnalyticsWithoutAdIdSupport */,
				3D8527942B2CCBC7009A4BE0 /* FirebaseAppCheck */,
				3D8527972B2CCBDE009A4BE0 /* GoogleSignIn */,
				3D8527992B2CCBDE009A4BE0 /* GoogleSignInSwift */,
				3D85279D2B2CCCFA009A4BE0 /* FirebaseAnalytics */,
				3D85279F2B2CCCFA009A4BE0 /* FirebaseAnalyticsOnDeviceConversion */,
				3D8527A12B2CCCFA009A4BE0 /* FirebaseAnalyticsSwift */,
				3D8527A32B2CCCFA009A4BE0 /* FirebaseAnalyticsWithoutAdIdSupport */,
				3D8527A52B2CCCFA009A4BE0 /* FirebaseAppCheck */,
				3D8527A72B2CCCFA009A4BE0 /* FirebaseAppDistribution-Beta */,
				3D8527A92B2CCCFA009A4BE0 /* FirebaseAuth */,
				3D8527AB2B2CCCFA009A4BE0 /* FirebaseAuthCombine-Community */,
				3D8527AD2B2CCCFA009A4BE0 /* FirebaseCrashlytics */,
				3D8527AF2B2CCCFA009A4BE0 /* FirebaseDatabase */,
				3D8527B12B2CCCFA009A4BE0 /* FirebaseDatabaseSwift */,
				3D8527B32B2CCCFA009A4BE0 /* FirebaseDynamicLinks */,
				3D8527B52B2CCCFA009A4BE0 /* FirebaseFirestore */,
				3D8527B72B2CCCFA009A4BE0 /* FirebaseFirestoreCombine-Community */,
				3D8527B92B2CCCFA009A4BE0 /* FirebaseFirestoreSwift */,
				3D8527BB2B2CCCFA009A4BE0 /* FirebaseFunctions */,
				3D8527BD2B2CCCFA009A4BE0 /* FirebaseFunctionsCombine-Community */,
				3D8527BF2B2CCCFA009A4BE0 /* FirebaseInAppMessaging-Beta */,
				3D8527C12B2CCCFA009A4BE0 /* FirebaseInAppMessagingSwift-Beta */,
				3D8527C32B2CCCFA009A4BE0 /* FirebaseInstallations */,
				3D8527C52B2CCCFA009A4BE0 /* FirebaseMLModelDownloader */,
				3D8527C72B2CCCFA009A4BE0 /* FirebaseMessaging */,
				3D8527C92B2CCCFA009A4BE0 /* FirebasePerformance */,
				3D8527CB2B2CCCFA009A4BE0 /* FirebaseRemoteConfig */,
				3D8527CD2B2CCCFA009A4BE0 /* FirebaseRemoteConfigSwift */,
				3D8527CF2B2CCCFA009A4BE0 /* FirebaseStorage */,
				3D8527D12B2CCCFA009A4BE0 /* FirebaseStorageCombine-Community */,
				3D4314C72B78CDCB004763AC /* FirebaseAnalytics */,
				3D4314C92B78CDCB004763AC /* FirebaseAnalyticsOnDeviceConversion */,
				3D4314CB2B78CDCB004763AC /* FirebaseAnalyticsSwift */,
				3D4314CD2B78CDCB004763AC /* FirebaseAnalyticsWithoutAdIdSupport */,
				3D4314CF2B78CDCB004763AC /* FirebaseAppCheck */,
				3D4314D12B78CDCC004763AC /* FirebaseAppDistribution-Beta */,
				3D4314D32B78CDCC004763AC /* FirebaseAuth */,
				3D4314D52B78CDCC004763AC /* FirebaseAuthCombine-Community */,
				3D4314D72B78CDCC004763AC /* FirebaseCrashlytics */,
				3D4314D92B78CDCC004763AC /* FirebaseDatabase */,
				3D4314DB2B78CDCC004763AC /* FirebaseDatabaseSwift */,
				3D4314DD2B78CDCC004763AC /* FirebaseDynamicLinks */,
				3D4314DF2B78CDCC004763AC /* FirebaseFirestore */,
				3D4314E12B78CDCC004763AC /* FirebaseFirestoreCombine-Community */,
				3D4314E32B78CDCC004763AC /* FirebaseFirestoreSwift */,
				3D4314E52B78CDCC004763AC /* FirebaseFunctions */,
				3D4314E72B78CDCC004763AC /* FirebaseFunctionsCombine-Community */,
				3D4314E92B78CDCC004763AC /* FirebaseInAppMessaging-Beta */,
				3D4314EB2B78CDCC004763AC /* FirebaseInAppMessagingSwift-Beta */,
				3D4314ED2B78CDCC004763AC /* FirebaseInstallations */,
				3D4314EF2B78CDCC004763AC /* FirebaseMLModelDownloader */,
				3D4314F12B78CDCC004763AC /* FirebaseMessaging */,
				3D4314F32B78CDCC004763AC /* FirebasePerformance */,
				3D4314F52B78CDCC004763AC /* FirebaseRemoteConfig */,
				3D4314F72B78CDCC004763AC /* FirebaseRemoteConfigSwift */,
				3D4314F92B78CDCC004763AC /* FirebaseStorage */,
				3D4314FB2B78CDCC004763AC /* FirebaseStorageCombine-Community */,
			);
			productName = Diary;
			productReference = 3D78D7D52B2CBE59004AA34F /* Diary.app */;
			productType = "com.apple.product-type.application";
		};
/* End PBXNativeTarget section */

/* Begin PBXProject section */
		3D78D7CD2B2CBE59004AA34F /* Project object */ = {
			isa = PBXProject;
			attributes = {
				BuildIndependentTargetsInParallel = 1;
				LastSwiftUpdateCheck = 1500;
				LastUpgradeCheck = 1500;
				TargetAttributes = {
					3D78D7D42B2CBE59004AA34F = {
						CreatedOnToolsVersion = 15.0;
					};
				};
			};
			buildConfigurationList = 3D78D7D02B2CBE59004AA34F /* Build configuration list for PBXProject "Diary" */;
			compatibilityVersion = "Xcode 14.0";
			developmentRegion = en;
			hasScannedForEncodings = 0;
			knownRegions = (
				en,
				Base,
			);
			mainGroup = 3D78D7CC2B2CBE59004AA34F;
			packageReferences = (
				3D85278B2B2CCBC7009A4BE0 /* XCRemoteSwiftPackageReference "firebase-ios-sdk" */,
				3D8527962B2CCBDE009A4BE0 /* XCRemoteSwiftPackageReference "GoogleSignIn-iOS" */,
			);
			productRefGroup = 3D78D7D62B2CBE59004AA34F /* Products */;
			projectDirPath = "";
			projectRoot = "";
			targets = (
				3D78D7D42B2CBE59004AA34F /* Diary */,
			);
		};
/* End PBXProject section */

/* Begin PBXResourcesBuildPhase section */
		3D78D7D32B2CBE59004AA34F /* Resources */ = {
			isa = PBXResourcesBuildPhase;
			buildActionMask = 2147483647;
			files = (
				3D78D7E02B2CBE5B004AA34F /* Preview Assets.xcassets in Resources */,
				3D78D7DD2B2CBE5B004AA34F /* Assets.xcassets in Resources */,
			);
			runOnlyForDeploymentPostprocessing = 0;
		};
/* End PBXResourcesBuildPhase section */

/* Begin PBXShellScriptBuildPhase section */
		3D85278A2B2CC3DE009A4BE0 /* ShellScript */ = {
			isa = PBXShellScriptBuildPhase;
			alwaysOutOfDate = 1;
			buildActionMask = 2147483647;
			files = (
			);
			inputFileListPaths = (
			);
			inputPaths = (
			);
			outputFileListPaths = (
			);
			outputPaths = (
			);
			runOnlyForDeploymentPostprocessing = 0;
			shellPath = /bin/sh;
			shellScript = "cd \"$SRCROOT/..\"\n./gradlew :target:iosApp:embedAndSignAppleFrameworkForXcode\n";
		};
		3D8527D32B2CCE39009A4BE0 /* ShellScript */ = {
			isa = PBXShellScriptBuildPhase;
			alwaysOutOfDate = 1;
			buildActionMask = 2147483647;
			files = (
			);
			inputFileListPaths = (
			);
			inputPaths = (
			);
			outputFileListPaths = (
			);
			outputPaths = (
			);
			runOnlyForDeploymentPostprocessing = 0;
			shellPath = /bin/sh;
			shellScript = "case \"${CONFIGURATION}\" in\n  \"Debug\" )\ncp -r \"$SRCROOT/Diary/GoogleService/debug/GoogleService-Info.plist\" \"${BUILT_PRODUCTS_DIR}/${PRODUCT_NAME}.app/GoogleService-Info.plist\" ;;\n  \"Release\" )\ncp -r \"$SRCROOT/Diary/GoogleService/release/GoogleService-Info.plist\" \"${BUILT_PRODUCTS_DIR}/${PRODUCT_NAME}.app/GoogleService-Info.plist\" ;;\n*)\n;;\nesac\n";
		};
/* End PBXShellScriptBuildPhase section */

/* Begin PBXSourcesBuildPhase section */
		3D78D7D12B2CBE59004AA34F /* Sources */ = {
			isa = PBXSourcesBuildPhase;
			buildActionMask = 2147483647;
			files = (
				3D85279C2B2CCC67009A4BE0 /* AppDelegate.swift in Sources */,
				3D78D7DB2B2CBE59004AA34F /* ContentView.swift in Sources */,
				3D78D7D92B2CBE59004AA34F /* DiaryApp.swift in Sources */,
				3DF625082B3F06D30041D9A1 /* SceneDelegate.swift in Sources */,
			);
			runOnlyForDeploymentPostprocessing = 0;
		};
/* End PBXSourcesBuildPhase section */

/* Begin XCBuildConfiguration section */
		3D78D7E12B2CBE5B004AA34F /* Debug */ = {
			isa = XCBuildConfiguration;
			baseConfigurationReference = 3DA4C98D2B487BF40006521A /* Debug-LocalProperties.xcconfig */;
			buildSettings = {
				ALWAYS_SEARCH_USER_PATHS = NO;
				ASSETCATALOG_COMPILER_GENERATE_SWIFT_ASSET_SYMBOL_EXTENSIONS = YES;
				CLANG_ANALYZER_NONNULL = YES;
				CLANG_ANALYZER_NUMBER_OBJECT_CONVERSION = YES_AGGRESSIVE;
				CLANG_CXX_LANGUAGE_STANDARD = "gnu++20";
				CLANG_ENABLE_MODULES = YES;
				CLANG_ENABLE_OBJC_ARC = YES;
				CLANG_ENABLE_OBJC_WEAK = YES;
				CLANG_WARN_BLOCK_CAPTURE_AUTORELEASING = YES;
				CLANG_WARN_BOOL_CONVERSION = YES;
				CLANG_WARN_COMMA = YES;
				CLANG_WARN_CONSTANT_CONVERSION = YES;
				CLANG_WARN_DEPRECATED_OBJC_IMPLEMENTATIONS = YES;
				CLANG_WARN_DIRECT_OBJC_ISA_USAGE = YES_ERROR;
				CLANG_WARN_DOCUMENTATION_COMMENTS = YES;
				CLANG_WARN_EMPTY_BODY = YES;
				CLANG_WARN_ENUM_CONVERSION = YES;
				CLANG_WARN_INFINITE_RECURSION = YES;
				CLANG_WARN_INT_CONVERSION = YES;
				CLANG_WARN_NON_LITERAL_NULL_CONVERSION = YES;
				CLANG_WARN_OBJC_IMPLICIT_RETAIN_SELF = YES;
				CLANG_WARN_OBJC_LITERAL_CONVERSION = YES;
				CLANG_WARN_OBJC_ROOT_CLASS = YES_ERROR;
				CLANG_WARN_QUOTED_INCLUDE_IN_FRAMEWORK_HEADER = YES;
				CLANG_WARN_RANGE_LOOP_ANALYSIS = YES;
				CLANG_WARN_STRICT_PROTOTYPES = YES;
				CLANG_WARN_SUSPICIOUS_MOVE = YES;
				CLANG_WARN_UNGUARDED_AVAILABILITY = YES_AGGRESSIVE;
				CLANG_WARN_UNREACHABLE_CODE = YES;
				CLANG_WARN__DUPLICATE_METHOD_MATCH = YES;
				COPY_PHASE_STRIP = NO;
				DEBUG_INFORMATION_FORMAT = dwarf;
				ENABLE_STRICT_OBJC_MSGSEND = YES;
				ENABLE_TESTABILITY = YES;
				ENABLE_USER_SCRIPT_SANDBOXING = YES;
				GCC_C_LANGUAGE_STANDARD = gnu17;
				GCC_DYNAMIC_NO_PIC = NO;
				GCC_NO_COMMON_BLOCKS = YES;
				GCC_OPTIMIZATION_LEVEL = 0;
				GCC_PREPROCESSOR_DEFINITIONS = (
					"DEBUG=1",
					"$(inherited)",
				);
				GCC_WARN_64_TO_32_BIT_CONVERSION = YES;
				GCC_WARN_ABOUT_RETURN_TYPE = YES_ERROR;
				GCC_WARN_UNDECLARED_SELECTOR = YES;
				GCC_WARN_UNINITIALIZED_AUTOS = YES_AGGRESSIVE;
				GCC_WARN_UNUSED_FUNCTION = YES;
				GCC_WARN_UNUSED_VARIABLE = YES;
				IPHONEOS_DEPLOYMENT_TARGET = 17.0;
				LOCALIZATION_PREFERS_STRING_CATALOGS = YES;
				MTL_ENABLE_DEBUG_INFO = INCLUDE_SOURCE;
				MTL_FAST_MATH = YES;
				ONLY_ACTIVE_ARCH = YES;
				SDKROOT = iphoneos;
				SWIFT_ACTIVE_COMPILATION_CONDITIONS = "DEBUG $(inherited)";
				SWIFT_OPTIMIZATION_LEVEL = "-Onone";
			};
			name = Debug;
		};
		3D78D7E22B2CBE5B004AA34F /* Release */ = {
			isa = XCBuildConfiguration;
			baseConfigurationReference = 3DA4C98C2B487B980006521A /* Release-LocalProperties.xcconfig */;
			buildSettings = {
				ALWAYS_SEARCH_USER_PATHS = NO;
				ASSETCATALOG_COMPILER_GENERATE_SWIFT_ASSET_SYMBOL_EXTENSIONS = YES;
				CLANG_ANALYZER_NONNULL = YES;
				CLANG_ANALYZER_NUMBER_OBJECT_CONVERSION = YES_AGGRESSIVE;
				CLANG_CXX_LANGUAGE_STANDARD = "gnu++20";
				CLANG_ENABLE_MODULES = YES;
				CLANG_ENABLE_OBJC_ARC = YES;
				CLANG_ENABLE_OBJC_WEAK = YES;
				CLANG_WARN_BLOCK_CAPTURE_AUTORELEASING = YES;
				CLANG_WARN_BOOL_CONVERSION = YES;
				CLANG_WARN_COMMA = YES;
				CLANG_WARN_CONSTANT_CONVERSION = YES;
				CLANG_WARN_DEPRECATED_OBJC_IMPLEMENTATIONS = YES;
				CLANG_WARN_DIRECT_OBJC_ISA_USAGE = YES_ERROR;
				CLANG_WARN_DOCUMENTATION_COMMENTS = YES;
				CLANG_WARN_EMPTY_BODY = YES;
				CLANG_WARN_ENUM_CONVERSION = YES;
				CLANG_WARN_INFINITE_RECURSION = YES;
				CLANG_WARN_INT_CONVERSION = YES;
				CLANG_WARN_NON_LITERAL_NULL_CONVERSION = YES;
				CLANG_WARN_OBJC_IMPLICIT_RETAIN_SELF = YES;
				CLANG_WARN_OBJC_LITERAL_CONVERSION = YES;
				CLANG_WARN_OBJC_ROOT_CLASS = YES_ERROR;
				CLANG_WARN_QUOTED_INCLUDE_IN_FRAMEWORK_HEADER = YES;
				CLANG_WARN_RANGE_LOOP_ANALYSIS = YES;
				CLANG_WARN_STRICT_PROTOTYPES = YES;
				CLANG_WARN_SUSPICIOUS_MOVE = YES;
				CLANG_WARN_UNGUARDED_AVAILABILITY = YES_AGGRESSIVE;
				CLANG_WARN_UNREACHABLE_CODE = YES;
				CLANG_WARN__DUPLICATE_METHOD_MATCH = YES;
				COPY_PHASE_STRIP = NO;
				DEBUG_INFORMATION_FORMAT = "dwarf-with-dsym";
				ENABLE_NS_ASSERTIONS = NO;
				ENABLE_STRICT_OBJC_MSGSEND = YES;
				ENABLE_USER_SCRIPT_SANDBOXING = YES;
				GCC_C_LANGUAGE_STANDARD = gnu17;
				GCC_NO_COMMON_BLOCKS = YES;
				GCC_WARN_64_TO_32_BIT_CONVERSION = YES;
				GCC_WARN_ABOUT_RETURN_TYPE = YES_ERROR;
				GCC_WARN_UNDECLARED_SELECTOR = YES;
				GCC_WARN_UNINITIALIZED_AUTOS = YES_AGGRESSIVE;
				GCC_WARN_UNUSED_FUNCTION = YES;
				GCC_WARN_UNUSED_VARIABLE = YES;
				IPHONEOS_DEPLOYMENT_TARGET = 17.0;
				LOCALIZATION_PREFERS_STRING_CATALOGS = YES;
				MTL_ENABLE_DEBUG_INFO = NO;
				MTL_FAST_MATH = YES;
				SDKROOT = iphoneos;
				SWIFT_COMPILATION_MODE = wholemodule;
				VALIDATE_PRODUCT = YES;
			};
			name = Release;
		};
		3D78D7E42B2CBE5B004AA34F /* Debug */ = {
			isa = XCBuildConfiguration;
			buildSettings = {
				ASSETCATALOG_COMPILER_APPICON_NAME = AppIcon;
				ASSETCATALOG_COMPILER_GLOBAL_ACCENT_COLOR_NAME = AccentColor;
				CODE_SIGN_STYLE = Automatic;
				CURRENT_PROJECT_VERSION = 10;
				DEVELOPMENT_ASSET_PATHS = "\"Diary/Preview Content\"";
				DEVELOPMENT_TEAM = 4TV6L66XZ8;
				ENABLE_PREVIEWS = YES;
				ENABLE_USER_SCRIPT_SANDBOXING = NO;
				FRAMEWORK_SEARCH_PATHS = "$(SRCROOT)/../target/iosApp/build/xcode-frameworks/$(CONFIGURATION)/$(SDK_NAME)";
				GENERATE_INFOPLIST_FILE = YES;
				INFOPLIST_FILE = Diary/Info.plist;
				INFOPLIST_KEY_CFBundleDisplayName = "Diary-Debug";
				INFOPLIST_KEY_LSApplicationCategoryType = "public.app-category.productivity";
				INFOPLIST_KEY_UIApplicationSceneManifest_Generation = YES;
				INFOPLIST_KEY_UIApplicationSupportsIndirectInputEvents = YES;
				INFOPLIST_KEY_UILaunchScreen_Generation = YES;
				INFOPLIST_KEY_UISupportedInterfaceOrientations_iPad = "UIInterfaceOrientationPortrait UIInterfaceOrientationPortraitUpsideDown UIInterfaceOrientationLandscapeLeft UIInterfaceOrientationLandscapeRight";
				INFOPLIST_KEY_UISupportedInterfaceOrientations_iPhone = "UIInterfaceOrientationPortrait UIInterfaceOrientationLandscapeLeft UIInterfaceOrientationLandscapeRight";
				LD_RUNPATH_SEARCH_PATHS = (
					"$(inherited)",
					"@executable_path/Frameworks",
				);
				MARKETING_VERSION = 1.1.0;
				OTHER_LDFLAGS = (
					"$(inherited)",
					"-framework",
					iosApp,
				);
				PRODUCT_BUNDLE_IDENTIFIER = com.taetae98.diary.debug;
				PRODUCT_NAME = "$(TARGET_NAME)";
				SWIFT_EMIT_LOC_STRINGS = YES;
				SWIFT_VERSION = 5.0;
				TARGETED_DEVICE_FAMILY = "1,2";
			};
			name = Debug;
		};
		3D78D7E52B2CBE5B004AA34F /* Release */ = {
			isa = XCBuildConfiguration;
			buildSettings = {
				ASSETCATALOG_COMPILER_APPICON_NAME = AppIcon;
				ASSETCATALOG_COMPILER_GLOBAL_ACCENT_COLOR_NAME = AccentColor;
				CODE_SIGN_STYLE = Automatic;
				CURRENT_PROJECT_VERSION = 10;
				DEVELOPMENT_ASSET_PATHS = "\"Diary/Preview Content\"";
				DEVELOPMENT_TEAM = 4TV6L66XZ8;
				ENABLE_PREVIEWS = YES;
				ENABLE_USER_SCRIPT_SANDBOXING = NO;
				FRAMEWORK_SEARCH_PATHS = "$(SRCROOT)/../target/iosApp/build/xcode-frameworks/$(CONFIGURATION)/$(SDK_NAME)";
				GENERATE_INFOPLIST_FILE = YES;
				INFOPLIST_FILE = Diary/Info.plist;
				INFOPLIST_KEY_CFBundleDisplayName = Diary;
				INFOPLIST_KEY_LSApplicationCategoryType = "public.app-category.productivity";
				INFOPLIST_KEY_UIApplicationSceneManifest_Generation = YES;
				INFOPLIST_KEY_UIApplicationSupportsIndirectInputEvents = YES;
				INFOPLIST_KEY_UILaunchScreen_Generation = YES;
				INFOPLIST_KEY_UISupportedInterfaceOrientations_iPad = "UIInterfaceOrientationPortrait UIInterfaceOrientationPortraitUpsideDown UIInterfaceOrientationLandscapeLeft UIInterfaceOrientationLandscapeRight";
				INFOPLIST_KEY_UISupportedInterfaceOrientations_iPhone = "UIInterfaceOrientationPortrait UIInterfaceOrientationLandscapeLeft UIInterfaceOrientationLandscapeRight";
				LD_RUNPATH_SEARCH_PATHS = (
					"$(inherited)",
					"@executable_path/Frameworks",
				);
				MARKETING_VERSION = 1.1.0;
				OTHER_LDFLAGS = (
					"$(inherited)",
					"-framework",
					iosApp,
				);
				PRODUCT_BUNDLE_IDENTIFIER = com.taetae98.diary;
				PRODUCT_NAME = "$(TARGET_NAME)";
				SWIFT_EMIT_LOC_STRINGS = YES;
				SWIFT_VERSION = 5.0;
				TARGETED_DEVICE_FAMILY = "1,2";
			};
			name = Release;
		};
/* End XCBuildConfiguration section */

/* Begin XCConfigurationList section */
		3D78D7D02B2CBE59004AA34F /* Build configuration list for PBXProject "Diary" */ = {
			isa = XCConfigurationList;
			buildConfigurations = (
				3D78D7E12B2CBE5B004AA34F /* Debug */,
				3D78D7E22B2CBE5B004AA34F /* Release */,
			);
			defaultConfigurationIsVisible = 0;
			defaultConfigurationName = Release;
		};
		3D78D7E32B2CBE5B004AA34F /* Build configuration list for PBXNativeTarget "Diary" */ = {
			isa = XCConfigurationList;
			buildConfigurations = (
				3D78D7E42B2CBE5B004AA34F /* Debug */,
				3D78D7E52B2CBE5B004AA34F /* Release */,
			);
			defaultConfigurationIsVisible = 0;
			defaultConfigurationName = Release;
		};
/* End XCConfigurationList section */

/* Begin XCRemoteSwiftPackageReference section */
		3D85278B2B2CCBC7009A4BE0 /* XCRemoteSwiftPackageReference "firebase-ios-sdk" */ = {
			isa = XCRemoteSwiftPackageReference;
			repositoryURL = "https://github.com/firebase/firebase-ios-sdk.git";
			requirement = {
				kind = exactVersion;
				version = 10.19.1;
			};
		};
		3D8527962B2CCBDE009A4BE0 /* XCRemoteSwiftPackageReference "GoogleSignIn-iOS" */ = {
			isa = XCRemoteSwiftPackageReference;
			repositoryURL = "https://github.com/google/GoogleSignIn-iOS";
			requirement = {
				kind = exactVersion;
				version = 7.0.0;
			};
		};
/* End XCRemoteSwiftPackageReference section */

/* Begin XCSwiftPackageProductDependency section */
		3D4314C72B78CDCB004763AC /* FirebaseAnalytics */ = {
			isa = XCSwiftPackageProductDependency;
			productName = FirebaseAnalytics;
		};
		3D4314C92B78CDCB004763AC /* FirebaseAnalyticsOnDeviceConversion */ = {
			isa = XCSwiftPackageProductDependency;
			productName = FirebaseAnalyticsOnDeviceConversion;
		};
		3D4314CB2B78CDCB004763AC /* FirebaseAnalyticsSwift */ = {
			isa = XCSwiftPackageProductDependency;
			productName = FirebaseAnalyticsSwift;
		};
		3D4314CD2B78CDCB004763AC /* FirebaseAnalyticsWithoutAdIdSupport */ = {
			isa = XCSwiftPackageProductDependency;
			productName = FirebaseAnalyticsWithoutAdIdSupport;
		};
		3D4314CF2B78CDCB004763AC /* FirebaseAppCheck */ = {
			isa = XCSwiftPackageProductDependency;
			productName = FirebaseAppCheck;
		};
		3D4314D12B78CDCC004763AC /* FirebaseAppDistribution-Beta */ = {
			isa = XCSwiftPackageProductDependency;
			productName = "FirebaseAppDistribution-Beta";
		};
		3D4314D32B78CDCC004763AC /* FirebaseAuth */ = {
			isa = XCSwiftPackageProductDependency;
			productName = FirebaseAuth;
		};
		3D4314D52B78CDCC004763AC /* FirebaseAuthCombine-Community */ = {
			isa = XCSwiftPackageProductDependency;
			productName = "FirebaseAuthCombine-Community";
		};
		3D4314D72B78CDCC004763AC /* FirebaseCrashlytics */ = {
			isa = XCSwiftPackageProductDependency;
			productName = FirebaseCrashlytics;
		};
		3D4314D92B78CDCC004763AC /* FirebaseDatabase */ = {
			isa = XCSwiftPackageProductDependency;
			productName = FirebaseDatabase;
		};
		3D4314DB2B78CDCC004763AC /* FirebaseDatabaseSwift */ = {
			isa = XCSwiftPackageProductDependency;
			productName = FirebaseDatabaseSwift;
		};
		3D4314DD2B78CDCC004763AC /* FirebaseDynamicLinks */ = {
			isa = XCSwiftPackageProductDependency;
			productName = FirebaseDynamicLinks;
		};
		3D4314DF2B78CDCC004763AC /* FirebaseFirestore */ = {
			isa = XCSwiftPackageProductDependency;
			productName = FirebaseFirestore;
		};
		3D4314E12B78CDCC004763AC /* FirebaseFirestoreCombine-Community */ = {
			isa = XCSwiftPackageProductDependency;
			productName = "FirebaseFirestoreCombine-Community";
		};
		3D4314E32B78CDCC004763AC /* FirebaseFirestoreSwift */ = {
			isa = XCSwiftPackageProductDependency;
			productName = FirebaseFirestoreSwift;
		};
		3D4314E52B78CDCC004763AC /* FirebaseFunctions */ = {
			isa = XCSwiftPackageProductDependency;
			productName = FirebaseFunctions;
		};
		3D4314E72B78CDCC004763AC /* FirebaseFunctionsCombine-Community */ = {
			isa = XCSwiftPackageProductDependency;
			productName = "FirebaseFunctionsCombine-Community";
		};
		3D4314E92B78CDCC004763AC /* FirebaseInAppMessaging-Beta */ = {
			isa = XCSwiftPackageProductDependency;
			productName = "FirebaseInAppMessaging-Beta";
		};
		3D4314EB2B78CDCC004763AC /* FirebaseInAppMessagingSwift-Beta */ = {
			isa = XCSwiftPackageProductDependency;
			productName = "FirebaseInAppMessagingSwift-Beta";
		};
		3D4314ED2B78CDCC004763AC /* FirebaseInstallations */ = {
			isa = XCSwiftPackageProductDependency;
			productName = FirebaseInstallations;
		};
		3D4314EF2B78CDCC004763AC /* FirebaseMLModelDownloader */ = {
			isa = XCSwiftPackageProductDependency;
			productName = FirebaseMLModelDownloader;
		};
		3D4314F12B78CDCC004763AC /* FirebaseMessaging */ = {
			isa = XCSwiftPackageProductDependency;
			productName = FirebaseMessaging;
		};
		3D4314F32B78CDCC004763AC /* FirebasePerformance */ = {
			isa = XCSwiftPackageProductDependency;
			productName = FirebasePerformance;
		};
		3D4314F52B78CDCC004763AC /* FirebaseRemoteConfig */ = {
			isa = XCSwiftPackageProductDependency;
			productName = FirebaseRemoteConfig;
		};
		3D4314F72B78CDCC004763AC /* FirebaseRemoteConfigSwift */ = {
			isa = XCSwiftPackageProductDependency;
			productName = FirebaseRemoteConfigSwift;
		};
		3D4314F92B78CDCC004763AC /* FirebaseStorage */ = {
			isa = XCSwiftPackageProductDependency;
			productName = FirebaseStorage;
		};
		3D4314FB2B78CDCC004763AC /* FirebaseStorageCombine-Community */ = {
			isa = XCSwiftPackageProductDependency;
			productName = "FirebaseStorageCombine-Community";
		};
		3D85278C2B2CCBC7009A4BE0 /* FirebaseAnalytics */ = {
			isa = XCSwiftPackageProductDependency;
			package = 3D85278B2B2CCBC7009A4BE0 /* XCRemoteSwiftPackageReference "firebase-ios-sdk" */;
			productName = FirebaseAnalytics;
		};
		3D85278E2B2CCBC7009A4BE0 /* FirebaseAnalyticsOnDeviceConversion */ = {
			isa = XCSwiftPackageProductDependency;
			package = 3D85278B2B2CCBC7009A4BE0 /* XCRemoteSwiftPackageReference "firebase-ios-sdk" */;
			productName = FirebaseAnalyticsOnDeviceConversion;
		};
		3D8527902B2CCBC7009A4BE0 /* FirebaseAnalyticsSwift */ = {
			isa = XCSwiftPackageProductDependency;
			package = 3D85278B2B2CCBC7009A4BE0 /* XCRemoteSwiftPackageReference "firebase-ios-sdk" */;
			productName = FirebaseAnalyticsSwift;
		};
		3D8527922B2CCBC7009A4BE0 /* FirebaseAnalyticsWithoutAdIdSupport */ = {
			isa = XCSwiftPackageProductDependency;
			package = 3D85278B2B2CCBC7009A4BE0 /* XCRemoteSwiftPackageReference "firebase-ios-sdk" */;
			productName = FirebaseAnalyticsWithoutAdIdSupport;
		};
		3D8527942B2CCBC7009A4BE0 /* FirebaseAppCheck */ = {
			isa = XCSwiftPackageProductDependency;
			package = 3D85278B2B2CCBC7009A4BE0 /* XCRemoteSwiftPackageReference "firebase-ios-sdk" */;
			productName = FirebaseAppCheck;
		};
		3D8527972B2CCBDE009A4BE0 /* GoogleSignIn */ = {
			isa = XCSwiftPackageProductDependency;
			package = 3D8527962B2CCBDE009A4BE0 /* XCRemoteSwiftPackageReference "GoogleSignIn-iOS" */;
			productName = GoogleSignIn;
		};
		3D8527992B2CCBDE009A4BE0 /* GoogleSignInSwift */ = {
			isa = XCSwiftPackageProductDependency;
			package = 3D8527962B2CCBDE009A4BE0 /* XCRemoteSwiftPackageReference "GoogleSignIn-iOS" */;
			productName = GoogleSignInSwift;
		};
		3D85279D2B2CCCFA009A4BE0 /* FirebaseAnalytics */ = {
			isa = XCSwiftPackageProductDependency;
			package = 3D85278B2B2CCBC7009A4BE0 /* XCRemoteSwiftPackageReference "firebase-ios-sdk" */;
			productName = FirebaseAnalytics;
		};
		3D85279F2B2CCCFA009A4BE0 /* FirebaseAnalyticsOnDeviceConversion */ = {
			isa = XCSwiftPackageProductDependency;
			package = 3D85278B2B2CCBC7009A4BE0 /* XCRemoteSwiftPackageReference "firebase-ios-sdk" */;
			productName = FirebaseAnalyticsOnDeviceConversion;
		};
		3D8527A12B2CCCFA009A4BE0 /* FirebaseAnalyticsSwift */ = {
			isa = XCSwiftPackageProductDependency;
			package = 3D85278B2B2CCBC7009A4BE0 /* XCRemoteSwiftPackageReference "firebase-ios-sdk" */;
			productName = FirebaseAnalyticsSwift;
		};
		3D8527A32B2CCCFA009A4BE0 /* FirebaseAnalyticsWithoutAdIdSupport */ = {
			isa = XCSwiftPackageProductDependency;
			package = 3D85278B2B2CCBC7009A4BE0 /* XCRemoteSwiftPackageReference "firebase-ios-sdk" */;
			productName = FirebaseAnalyticsWithoutAdIdSupport;
		};
		3D8527A52B2CCCFA009A4BE0 /* FirebaseAppCheck */ = {
			isa = XCSwiftPackageProductDependency;
			package = 3D85278B2B2CCBC7009A4BE0 /* XCRemoteSwiftPackageReference "firebase-ios-sdk" */;
			productName = FirebaseAppCheck;
		};
		3D8527A72B2CCCFA009A4BE0 /* FirebaseAppDistribution-Beta */ = {
			isa = XCSwiftPackageProductDependency;
			package = 3D85278B2B2CCBC7009A4BE0 /* XCRemoteSwiftPackageReference "firebase-ios-sdk" */;
			productName = "FirebaseAppDistribution-Beta";
		};
		3D8527A92B2CCCFA009A4BE0 /* FirebaseAuth */ = {
			isa = XCSwiftPackageProductDependency;
			package = 3D85278B2B2CCBC7009A4BE0 /* XCRemoteSwiftPackageReference "firebase-ios-sdk" */;
			productName = FirebaseAuth;
		};
		3D8527AB2B2CCCFA009A4BE0 /* FirebaseAuthCombine-Community */ = {
			isa = XCSwiftPackageProductDependency;
			package = 3D85278B2B2CCBC7009A4BE0 /* XCRemoteSwiftPackageReference "firebase-ios-sdk" */;
			productName = "FirebaseAuthCombine-Community";
		};
		3D8527AD2B2CCCFA009A4BE0 /* FirebaseCrashlytics */ = {
			isa = XCSwiftPackageProductDependency;
			package = 3D85278B2B2CCBC7009A4BE0 /* XCRemoteSwiftPackageReference "firebase-ios-sdk" */;
			productName = FirebaseCrashlytics;
		};
		3D8527AF2B2CCCFA009A4BE0 /* FirebaseDatabase */ = {
			isa = XCSwiftPackageProductDependency;
			package = 3D85278B2B2CCBC7009A4BE0 /* XCRemoteSwiftPackageReference "firebase-ios-sdk" */;
			productName = FirebaseDatabase;
		};
		3D8527B12B2CCCFA009A4BE0 /* FirebaseDatabaseSwift */ = {
			isa = XCSwiftPackageProductDependency;
			package = 3D85278B2B2CCBC7009A4BE0 /* XCRemoteSwiftPackageReference "firebase-ios-sdk" */;
			productName = FirebaseDatabaseSwift;
		};
		3D8527B32B2CCCFA009A4BE0 /* FirebaseDynamicLinks */ = {
			isa = XCSwiftPackageProductDependency;
			package = 3D85278B2B2CCBC7009A4BE0 /* XCRemoteSwiftPackageReference "firebase-ios-sdk" */;
			productName = FirebaseDynamicLinks;
		};
		3D8527B52B2CCCFA009A4BE0 /* FirebaseFirestore */ = {
			isa = XCSwiftPackageProductDependency;
			package = 3D85278B2B2CCBC7009A4BE0 /* XCRemoteSwiftPackageReference "firebase-ios-sdk" */;
			productName = FirebaseFirestore;
		};
		3D8527B72B2CCCFA009A4BE0 /* FirebaseFirestoreCombine-Community */ = {
			isa = XCSwiftPackageProductDependency;
			package = 3D85278B2B2CCBC7009A4BE0 /* XCRemoteSwiftPackageReference "firebase-ios-sdk" */;
			productName = "FirebaseFirestoreCombine-Community";
		};
		3D8527B92B2CCCFA009A4BE0 /* FirebaseFirestoreSwift */ = {
			isa = XCSwiftPackageProductDependency;
			package = 3D85278B2B2CCBC7009A4BE0 /* XCRemoteSwiftPackageReference "firebase-ios-sdk" */;
			productName = FirebaseFirestoreSwift;
		};
		3D8527BB2B2CCCFA009A4BE0 /* FirebaseFunctions */ = {
			isa = XCSwiftPackageProductDependency;
			package = 3D85278B2B2CCBC7009A4BE0 /* XCRemoteSwiftPackageReference "firebase-ios-sdk" */;
			productName = FirebaseFunctions;
		};
		3D8527BD2B2CCCFA009A4BE0 /* FirebaseFunctionsCombine-Community */ = {
			isa = XCSwiftPackageProductDependency;
			package = 3D85278B2B2CCBC7009A4BE0 /* XCRemoteSwiftPackageReference "firebase-ios-sdk" */;
			productName = "FirebaseFunctionsCombine-Community";
		};
		3D8527BF2B2CCCFA009A4BE0 /* FirebaseInAppMessaging-Beta */ = {
			isa = XCSwiftPackageProductDependency;
			package = 3D85278B2B2CCBC7009A4BE0 /* XCRemoteSwiftPackageReference "firebase-ios-sdk" */;
			productName = "FirebaseInAppMessaging-Beta";
		};
		3D8527C12B2CCCFA009A4BE0 /* FirebaseInAppMessagingSwift-Beta */ = {
			isa = XCSwiftPackageProductDependency;
			package = 3D85278B2B2CCBC7009A4BE0 /* XCRemoteSwiftPackageReference "firebase-ios-sdk" */;
			productName = "FirebaseInAppMessagingSwift-Beta";
		};
		3D8527C32B2CCCFA009A4BE0 /* FirebaseInstallations */ = {
			isa = XCSwiftPackageProductDependency;
			package = 3D85278B2B2CCBC7009A4BE0 /* XCRemoteSwiftPackageReference "firebase-ios-sdk" */;
			productName = FirebaseInstallations;
		};
		3D8527C52B2CCCFA009A4BE0 /* FirebaseMLModelDownloader */ = {
			isa = XCSwiftPackageProductDependency;
			package = 3D85278B2B2CCBC7009A4BE0 /* XCRemoteSwiftPackageReference "firebase-ios-sdk" */;
			productName = FirebaseMLModelDownloader;
		};
		3D8527C72B2CCCFA009A4BE0 /* FirebaseMessaging */ = {
			isa = XCSwiftPackageProductDependency;
			package = 3D85278B2B2CCBC7009A4BE0 /* XCRemoteSwiftPackageReference "firebase-ios-sdk" */;
			productName = FirebaseMessaging;
		};
		3D8527C92B2CCCFA009A4BE0 /* FirebasePerformance */ = {
			isa = XCSwiftPackageProductDependency;
			package = 3D85278B2B2CCBC7009A4BE0 /* XCRemoteSwiftPackageReference "firebase-ios-sdk" */;
			productName = FirebasePerformance;
		};
		3D8527CB2B2CCCFA009A4BE0 /* FirebaseRemoteConfig */ = {
			isa = XCSwiftPackageProductDependency;
			package = 3D85278B2B2CCBC7009A4BE0 /* XCRemoteSwiftPackageReference "firebase-ios-sdk" */;
			productName = FirebaseRemoteConfig;
		};
		3D8527CD2B2CCCFA009A4BE0 /* FirebaseRemoteConfigSwift */ = {
			isa = XCSwiftPackageProductDependency;
			package = 3D85278B2B2CCBC7009A4BE0 /* XCRemoteSwiftPackageReference "firebase-ios-sdk" */;
			productName = FirebaseRemoteConfigSwift;
		};
		3D8527CF2B2CCCFA009A4BE0 /* FirebaseStorage */ = {
			isa = XCSwiftPackageProductDependency;
			package = 3D85278B2B2CCBC7009A4BE0 /* XCRemoteSwiftPackageReference "firebase-ios-sdk" */;
			productName = FirebaseStorage;
		};
		3D8527D12B2CCCFA009A4BE0 /* FirebaseStorageCombine-Community */ = {
			isa = XCSwiftPackageProductDependency;
			package = 3D85278B2B2CCBC7009A4BE0 /* XCRemoteSwiftPackageReference "firebase-ios-sdk" */;
			productName = "FirebaseStorageCombine-Community";
		};
/* End XCSwiftPackageProductDependency section */
	};
	rootObject = 3D78D7CD2B2CBE59004AA34F /* Project object */;
}
